// !$*UTF8*$!
{
	archiveVersion = 1;
	classes = {
	};
	objectVersion = 55;
	objects = {

/* Begin PBXBuildFile section */
		3FB5ACAAC3E2A27D51802D87 /* Pods_WebBrowser.framework in Frameworks */ = {isa = PBXBuildFile; fileRef = 861F4B495DDAEF7BD0DBE286 /* Pods_WebBrowser.framework */; };
		F400ADD8293B244500758820 /* AppDelegate.swift in Sources */ = {isa = PBXBuildFile; fileRef = F400ADD7293B244500758820 /* AppDelegate.swift */; };
		F400ADDA293B244500758820 /* SceneDelegate.swift in Sources */ = {isa = PBXBuildFile; fileRef = F400ADD9293B244500758820 /* SceneDelegate.swift */; };
		F400ADDC293B244500758820 /* ViewController.swift in Sources */ = {isa = PBXBuildFile; fileRef = F400ADDB293B244500758820 /* ViewController.swift */; };
		F400ADE1293B244A00758820 /* Assets.xcassets in Resources */ = {isa = PBXBuildFile; fileRef = F400ADE0293B244A00758820 /* Assets.xcassets */; };
		F400ADE4293B244A00758820 /* LaunchScreen.storyboard in Resources */ = {isa = PBXBuildFile; fileRef = F400ADE2293B244A00758820 /* LaunchScreen.storyboard */; };
		F400ADF2293B2CFD00758820 /* WebBrowserView.swift in Sources */ = {isa = PBXBuildFile; fileRef = F400ADF1293B2CFC00758820 /* WebBrowserView.swift */; };
		F400ADF4293B2DF900758820 /* AddressBar.swift in Sources */ = {isa = PBXBuildFile; fileRef = F400ADF3293B2DF900758820 /* AddressBar.swift */; };
		F400ADF6293B2E2000758820 /* Toolbar.swift in Sources */ = {isa = PBXBuildFile; fileRef = F400ADF5293B2E2000758820 /* Toolbar.swift */; };
		F400ADF8293B369E00758820 /* AddressBar+TextField.swift in Sources */ = {isa = PBXBuildFile; fileRef = F400ADF7293B369E00758820 /* AddressBar+TextField.swift */; };
		F400ADFB293B3B3F00758820 /* UIColor+Helpers.swift in Sources */ = {isa = PBXBuildFile; fileRef = F400ADFA293B3B3F00758820 /* UIColor+Helpers.swift */; };
		F400ADFD293B5D1E00758820 /* ViewController+AddressBarAnimation.swift in Sources */ = {isa = PBXBuildFile; fileRef = F400ADFC293B5D1E00758820 /* ViewController+AddressBarAnimation.swift */; };
		F400AE00293B705D00758820 /* KeyboardManager.swift in Sources */ = {isa = PBXBuildFile; fileRef = F400ADFF293B705D00758820 /* KeyboardManager.swift */; };
		F400AE02293B727D00758820 /* WebBrowserModel.swift in Sources */ = {isa = PBXBuildFile; fileRef = F400AE01293B727D00758820 /* WebBrowserModel.swift */; };
		F400AE04293B730E00758820 /* ViewController+KeyboardManager.swift in Sources */ = {isa = PBXBuildFile; fileRef = F400AE03293B730E00758820 /* ViewController+KeyboardManager.swift */; };
		F400AE06293B7DBE00758820 /* NSNotification+Helpers.swift in Sources */ = {isa = PBXBuildFile; fileRef = F400AE05293B7DBE00758820 /* NSNotification+Helpers.swift */; };
		F400AE08293B834800758820 /* Array+Helpers.swift in Sources */ = {isa = PBXBuildFile; fileRef = F400AE07293B834800758820 /* Array+Helpers.swift */; };
		F400AE0D293C8CD600758820 /* TabViewController.swift in Sources */ = {isa = PBXBuildFile; fileRef = F400AE0C293C8CD600758820 /* TabViewController.swift */; };
		F400AE0F293C8D1800758820 /* TabView.swift in Sources */ = {isa = PBXBuildFile; fileRef = F400AE0E293C8D1800758820 /* TabView.swift */; };
		F400AE11293C8E4A00758820 /* TabEmptyStateView.swift in Sources */ = {isa = PBXBuildFile; fileRef = F400AE10293C8E4A00758820 /* TabEmptyStateView.swift */; };
		F400AE15293C904600758820 /* Tab+StatusBarBackgroundView.swift in Sources */ = {isa = PBXBuildFile; fileRef = F400AE14293C904600758820 /* Tab+StatusBarBackgroundView.swift */; };
		F400AE17293C991500758820 /* ViewController+ToolbarAnimation.swift in Sources */ = {isa = PBXBuildFile; fileRef = F400AE16293C991500758820 /* ViewController+ToolbarAnimation.swift */; };
		F400AE19293CE46E00758820 /* URLGenerator.swift in Sources */ = {isa = PBXBuildFile; fileRef = F400AE18293CE46E00758820 /* URLGenerator.swift */; };
		F400AE1C293DCC2A00758820 /* URLValidator.swift in Sources */ = {isa = PBXBuildFile; fileRef = F400AE1B293DCC2A00758820 /* URLValidator.swift */; };
/* End PBXBuildFile section */

/* Begin PBXFileReference section */
		6812AC4BCE02E47823C81D4C /* Pods-WebBrowser.release.xcconfig */ = {isa = PBXFileReference; includeInIndex = 1; lastKnownFileType = text.xcconfig; name = "Pods-WebBrowser.release.xcconfig"; path = "Target Support Files/Pods-WebBrowser/Pods-WebBrowser.release.xcconfig"; sourceTree = "<group>"; };
		861F4B495DDAEF7BD0DBE286 /* Pods_WebBrowser.framework */ = {isa = PBXFileReference; explicitFileType = wrapper.framework; includeInIndex = 0; path = Pods_WebBrowser.framework; sourceTree = BUILT_PRODUCTS_DIR; };
		F2685B531C87AAF9E15E614A /* Pods-WebBrowser.debug.xcconfig */ = {isa = PBXFileReference; includeInIndex = 1; lastKnownFileType = text.xcconfig; name = "Pods-WebBrowser.debug.xcconfig"; path = "Target Support Files/Pods-WebBrowser/Pods-WebBrowser.debug.xcconfig"; sourceTree = "<group>"; };
		F400ADD4293B244500758820 /* WebBrowser.app */ = {isa = PBXFileReference; explicitFileType = wrapper.application; includeInIndex = 0; path = WebBrowser.app; sourceTree = BUILT_PRODUCTS_DIR; };
		F400ADD7293B244500758820 /* AppDelegate.swift */ = {isa = PBXFileReference; lastKnownFileType = sourcecode.swift; path = AppDelegate.swift; sourceTree = "<group>"; };
		F400ADD9293B244500758820 /* SceneDelegate.swift */ = {isa = PBXFileReference; lastKnownFileType = sourcecode.swift; path = SceneDelegate.swift; sourceTree = "<group>"; };
		F400ADDB293B244500758820 /* ViewController.swift */ = {isa = PBXFileReference; lastKnownFileType = sourcecode.swift; path = ViewController.swift; sourceTree = "<group>"; };
		F400ADE0293B244A00758820 /* Assets.xcassets */ = {isa = PBXFileReference; lastKnownFileType = folder.assetcatalog; path = Assets.xcassets; sourceTree = "<group>"; };
		F400ADE3293B244A00758820 /* Base */ = {isa = PBXFileReference; lastKnownFileType = file.storyboard; name = Base; path = Base.lproj/LaunchScreen.storyboard; sourceTree = "<group>"; };
		F400ADE5293B244A00758820 /* Info.plist */ = {isa = PBXFileReference; lastKnownFileType = text.plist.xml; path = Info.plist; sourceTree = "<group>"; };
		F400ADF1293B2CFC00758820 /* WebBrowserView.swift */ = {isa = PBXFileReference; lastKnownFileType = sourcecode.swift; path = WebBrowserView.swift; sourceTree = "<group>"; };
		F400ADF3293B2DF900758820 /* AddressBar.swift */ = {isa = PBXFileReference; lastKnownFileType = sourcecode.swift; path = AddressBar.swift; sourceTree = "<group>"; };
		F400ADF5293B2E2000758820 /* Toolbar.swift */ = {isa = PBXFileReference; lastKnownFileType = sourcecode.swift; path = Toolbar.swift; sourceTree = "<group>"; };
		F400ADF7293B369E00758820 /* AddressBar+TextField.swift */ = {isa = PBXFileReference; lastKnownFileType = sourcecode.swift; path = "AddressBar+TextField.swift"; sourceTree = "<group>"; };
		F400ADFA293B3B3F00758820 /* UIColor+Helpers.swift */ = {isa = PBXFileReference; lastKnownFileType = sourcecode.swift; path = "UIColor+Helpers.swift"; sourceTree = "<group>"; };
		F400ADFC293B5D1E00758820 /* ViewController+AddressBarAnimation.swift */ = {isa = PBXFileReference; lastKnownFileType = sourcecode.swift; path = "ViewController+AddressBarAnimation.swift"; sourceTree = "<group>"; };
		F400ADFF293B705D00758820 /* KeyboardManager.swift */ = {isa = PBXFileReference; lastKnownFileType = sourcecode.swift; path = KeyboardManager.swift; sourceTree = "<group>"; };
		F400AE01293B727D00758820 /* WebBrowserModel.swift */ = {isa = PBXFileReference; lastKnownFileType = sourcecode.swift; path = WebBrowserModel.swift; sourceTree = "<group>"; };
		F400AE03293B730E00758820 /* ViewController+KeyboardManager.swift */ = {isa = PBXFileReference; lastKnownFileType = sourcecode.swift; path = "ViewController+KeyboardManager.swift"; sourceTree = "<group>"; };
		F400AE05293B7DBE00758820 /* NSNotification+Helpers.swift */ = {isa = PBXFileReference; lastKnownFileType = sourcecode.swift; path = "NSNotification+Helpers.swift"; sourceTree = "<group>"; };
		F400AE07293B834800758820 /* Array+Helpers.swift */ = {isa = PBXFileReference; lastKnownFileType = sourcecode.swift; path = "Array+Helpers.swift"; sourceTree = "<group>"; };
		F400AE0C293C8CD600758820 /* TabViewController.swift */ = {isa = PBXFileReference; lastKnownFileType = sourcecode.swift; path = TabViewController.swift; sourceTree = "<group>"; };
		F400AE0E293C8D1800758820 /* TabView.swift */ = {isa = PBXFileReference; lastKnownFileType = sourcecode.swift; path = TabView.swift; sourceTree = "<group>"; };
		F400AE10293C8E4A00758820 /* TabEmptyStateView.swift */ = {isa = PBXFileReference; lastKnownFileType = sourcecode.swift; path = TabEmptyStateView.swift; sourceTree = "<group>"; };
		F400AE14293C904600758820 /* Tab+StatusBarBackgroundView.swift */ = {isa = PBXFileReference; lastKnownFileType = sourcecode.swift; path = "Tab+StatusBarBackgroundView.swift"; sourceTree = "<group>"; };
		F400AE16293C991500758820 /* ViewController+ToolbarAnimation.swift */ = {isa = PBXFileReference; lastKnownFileType = sourcecode.swift; path = "ViewController+ToolbarAnimation.swift"; sourceTree = "<group>"; };
		F400AE18293CE46E00758820 /* URLGenerator.swift */ = {isa = PBXFileReference; lastKnownFileType = sourcecode.swift; path = URLGenerator.swift; sourceTree = "<group>"; };
		F400AE1B293DCC2A00758820 /* URLValidator.swift */ = {isa = PBXFileReference; lastKnownFileType = sourcecode.swift; path = URLValidator.swift; sourceTree = "<group>"; };
/* End PBXFileReference section */

/* Begin PBXFrameworksBuildPhase section */
		F400ADD1293B244500758820 /* Frameworks */ = {
			isa = PBXFrameworksBuildPhase;
			buildActionMask = 2147483647;
			files = (
				3FB5ACAAC3E2A27D51802D87 /* Pods_WebBrowser.framework in Frameworks */,
			);
			runOnlyForDeploymentPostprocessing = 0;
		};
/* End PBXFrameworksBuildPhase section */

/* Begin PBXGroup section */
		15814C9FBB75F99B22088961 /* Frameworks */ = {
			isa = PBXGroup;
			children = (
				861F4B495DDAEF7BD0DBE286 /* Pods_WebBrowser.framework */,
			);
			name = Frameworks;
			sourceTree = "<group>";
		};
		594C7DDB499097619AB7B2A3 /* Pods */ = {
			isa = PBXGroup;
			children = (
				F2685B531C87AAF9E15E614A /* Pods-WebBrowser.debug.xcconfig */,
				6812AC4BCE02E47823C81D4C /* Pods-WebBrowser.release.xcconfig */,
			);
			path = Pods;
			sourceTree = "<group>";
		};
		F400ADCB293B244500758820 = {
			isa = PBXGroup;
			children = (
				F400ADD6293B244500758820 /* WebBrowser */,
				F400ADD5293B244500758820 /* Products */,
				594C7DDB499097619AB7B2A3 /* Pods */,
				15814C9FBB75F99B22088961 /* Frameworks */,
			);
			sourceTree = "<group>";
		};
		F400ADD5293B244500758820 /* Products */ = {
			isa = PBXGroup;
			children = (
				F400ADD4293B244500758820 /* WebBrowser.app */,
			);
			name = Products;
			sourceTree = "<group>";
		};
		F400ADD6293B244500758820 /* WebBrowser */ = {
			isa = PBXGroup;
			children = (
				F400ADEB293B252300758820 /* SupportingFiles */,
				F400ADEE293B256500758820 /* Model */,
				F400ADED293B255700758820 /* View */,
				F400ADEF293B256D00758820 /* Controller */,
				F400AE0B293C8CA300758820 /* TabModule */,
			);
			path = WebBrowser;
			sourceTree = "<group>";
		};
		F400ADEB293B252300758820 /* SupportingFiles */ = {
			isa = PBXGroup;
			children = (
				F400ADEC293B253B00758820 /* Application */,
				F400ADF9293B3B1800758820 /* Extensions */,
				F400ADFE293B702C00758820 /* KeyboardManager */,
				F400AE1A293CE47B00758820 /* URLGenerator */,
				F400ADE0293B244A00758820 /* Assets.xcassets */,
				F400ADE2293B244A00758820 /* LaunchScreen.storyboard */,
				F400ADE5293B244A00758820 /* Info.plist */,
			);
			path = SupportingFiles;
			sourceTree = "<group>";
		};
		F400ADEC293B253B00758820 /* Application */ = {
			isa = PBXGroup;
			children = (
				F400ADD7293B244500758820 /* AppDelegate.swift */,
				F400ADD9293B244500758820 /* SceneDelegate.swift */,
			);
			path = Application;
			sourceTree = "<group>";
		};
		F400ADED293B255700758820 /* View */ = {
			isa = PBXGroup;
			children = (
				F400ADF1293B2CFC00758820 /* WebBrowserView.swift */,
				F400ADF3293B2DF900758820 /* AddressBar.swift */,
				F400ADF5293B2E2000758820 /* Toolbar.swift */,
				F400ADF7293B369E00758820 /* AddressBar+TextField.swift */,
			);
			path = View;
			sourceTree = "<group>";
		};
		F400ADEE293B256500758820 /* Model */ = {
			isa = PBXGroup;
			children = (
				F400AE01293B727D00758820 /* WebBrowserModel.swift */,
			);
			path = Model;
			sourceTree = "<group>";
		};
		F400ADEF293B256D00758820 /* Controller */ = {
			isa = PBXGroup;
			children = (
				F400ADDB293B244500758820 /* ViewController.swift */,
				F400ADFC293B5D1E00758820 /* ViewController+AddressBarAnimation.swift */,
				F400AE03293B730E00758820 /* ViewController+KeyboardManager.swift */,
				F400AE16293C991500758820 /* ViewController+ToolbarAnimation.swift */,
			);
			path = Controller;
			sourceTree = "<group>";
		};
		F400ADF9293B3B1800758820 /* Extensions */ = {
			isa = PBXGroup;
			children = (
				F400ADFA293B3B3F00758820 /* UIColor+Helpers.swift */,
				F400AE05293B7DBE00758820 /* NSNotification+Helpers.swift */,
				F400AE07293B834800758820 /* Array+Helpers.swift */,
			);
			path = Extensions;
			sourceTree = "<group>";
		};
		F400ADFE293B702C00758820 /* KeyboardManager */ = {
			isa = PBXGroup;
			children = (
				F400ADFF293B705D00758820 /* KeyboardManager.swift */,
			);
			path = KeyboardManager;
			sourceTree = "<group>";
		};
		F400AE0B293C8CA300758820 /* TabModule */ = {
			isa = PBXGroup;
			children = (
				F400AE12293C901D00758820 /* Views */,
				F400AE13293C902900758820 /* Controller */,
			);
			path = TabModule;
			sourceTree = "<group>";
		};
		F400AE12293C901D00758820 /* Views */ = {
			isa = PBXGroup;
			children = (
				F400AE0E293C8D1800758820 /* TabView.swift */,
				F400AE10293C8E4A00758820 /* TabEmptyStateView.swift */,
				F400AE14293C904600758820 /* Tab+StatusBarBackgroundView.swift */,
			);
			path = Views;
			sourceTree = "<group>";
		};
		F400AE13293C902900758820 /* Controller */ = {
			isa = PBXGroup;
			children = (
				F400AE0C293C8CD600758820 /* TabViewController.swift */,
			);
			path = Controller;
			sourceTree = "<group>";
		};
		F400AE1A293CE47B00758820 /* URLGenerator */ = {
			isa = PBXGroup;
			children = (
				F400AE18293CE46E00758820 /* URLGenerator.swift */,
				F400AE1B293DCC2A00758820 /* URLValidator.swift */,
			);
			path = URLGenerator;
			sourceTree = "<group>";
		};
/* End PBXGroup section */

/* Begin PBXNativeTarget section */
		F400ADD3293B244500758820 /* WebBrowser */ = {
			isa = PBXNativeTarget;
			buildConfigurationList = F400ADE8293B244A00758820 /* Build configuration list for PBXNativeTarget "WebBrowser" */;
			buildPhases = (
				F400ADF0293B28C800758820 /* SwiftLint */,
				16C99889502F5CCFADF5C1B3 /* [CP] Check Pods Manifest.lock */,
				F400ADD0293B244500758820 /* Sources */,
				F400ADD1293B244500758820 /* Frameworks */,
				F400ADD2293B244500758820 /* Resources */,
			);
			buildRules = (
			);
			dependencies = (
			);
			name = WebBrowser;
			productName = WebBrowser;
			productReference = F400ADD4293B244500758820 /* WebBrowser.app */;
			productType = "com.apple.product-type.application";
		};
/* End PBXNativeTarget section */

/* Begin PBXProject section */
		F400ADCC293B244500758820 /* Project object */ = {
			isa = PBXProject;
			attributes = {
				BuildIndependentTargetsInParallel = 1;
				LastSwiftUpdateCheck = 1410;
				LastUpgradeCheck = 1410;
				TargetAttributes = {
					F400ADD3293B244500758820 = {
						CreatedOnToolsVersion = 14.1;
					};
				};
			};
			buildConfigurationList = F400ADCF293B244500758820 /* Build configuration list for PBXProject "WebBrowser" */;
			compatibilityVersion = "Xcode 13.0";
			developmentRegion = en;
			hasScannedForEncodings = 0;
			knownRegions = (
				en,
				Base,
			);
			mainGroup = F400ADCB293B244500758820;
			productRefGroup = F400ADD5293B244500758820 /* Products */;
			projectDirPath = "";
			projectRoot = "";
			targets = (
				F400ADD3293B244500758820 /* WebBrowser */,
			);
		};
/* End PBXProject section */

/* Begin PBXResourcesBuildPhase section */
		F400ADD2293B244500758820 /* Resources */ = {
			isa = PBXResourcesBuildPhase;
			buildActionMask = 2147483647;
			files = (
				F400ADE4293B244A00758820 /* LaunchScreen.storyboard in Resources */,
				F400ADE1293B244A00758820 /* Assets.xcassets in Resources */,
			);
			runOnlyForDeploymentPostprocessing = 0;
		};
/* End PBXResourcesBuildPhase section */

/* Begin PBXShellScriptBuildPhase section */
		16C99889502F5CCFADF5C1B3 /* [CP] Check Pods Manifest.lock */ = {
			isa = PBXShellScriptBuildPhase;
			buildActionMask = 2147483647;
			files = (
			);
			inputFileListPaths = (
			);
			inputPaths = (
				"${PODS_PODFILE_DIR_PATH}/Podfile.lock",
				"${PODS_ROOT}/Manifest.lock",
			);
			name = "[CP] Check Pods Manifest.lock";
			outputFileListPaths = (
			);
			outputPaths = (
				"$(DERIVED_FILE_DIR)/Pods-WebBrowser-checkManifestLockResult.txt",
			);
			runOnlyForDeploymentPostprocessing = 0;
			shellPath = /bin/sh;
			shellScript = "diff \"${PODS_PODFILE_DIR_PATH}/Podfile.lock\" \"${PODS_ROOT}/Manifest.lock\" > /dev/null\nif [ $? != 0 ] ; then\n    # print error to STDERR\n    echo \"error: The sandbox is not in sync with the Podfile.lock. Run 'pod install' or update your CocoaPods installation.\" >&2\n    exit 1\nfi\n# This output is used by Xcode 'outputs' to avoid re-running this script phase.\necho \"SUCCESS\" > \"${SCRIPT_OUTPUT_FILE_0}\"\n";
			showEnvVarsInLog = 0;
		};
		F400ADF0293B28C800758820 /* SwiftLint */ = {
			isa = PBXShellScriptBuildPhase;
			alwaysOutOfDate = 1;
			buildActionMask = 2147483647;
			files = (
			);
			inputFileListPaths = (
			);
			inputPaths = (
			);
			name = SwiftLint;
			outputFileListPaths = (
			);
			outputPaths = (
			);
			runOnlyForDeploymentPostprocessing = 0;
			shellPath = /bin/sh;
			shellScript = "\"${PODS_ROOT}/SwiftLint/swiftlint\"\n";
		};
/* End PBXShellScriptBuildPhase section */

/* Begin PBXSourcesBuildPhase section */
		F400ADD0293B244500758820 /* Sources */ = {
			isa = PBXSourcesBuildPhase;
			buildActionMask = 2147483647;
			files = (
				F400AE11293C8E4A00758820 /* TabEmptyStateView.swift in Sources */,
				F400AE02293B727D00758820 /* WebBrowserModel.swift in Sources */,
				F400ADF2293B2CFD00758820 /* WebBrowserView.swift in Sources */,
				F400ADF8293B369E00758820 /* AddressBar+TextField.swift in Sources */,
				F400AE0D293C8CD600758820 /* TabViewController.swift in Sources */,
				F400AE1C293DCC2A00758820 /* URLValidator.swift in Sources */,
				F400AE17293C991500758820 /* ViewController+ToolbarAnimation.swift in Sources */,
				F400AE08293B834800758820 /* Array+Helpers.swift in Sources */,
				F400AE19293CE46E00758820 /* URLGenerator.swift in Sources */,
				F400AE00293B705D00758820 /* KeyboardManager.swift in Sources */,
				F400ADDC293B244500758820 /* ViewController.swift in Sources */,
				F400ADFB293B3B3F00758820 /* UIColor+Helpers.swift in Sources */,
				F400ADF4293B2DF900758820 /* AddressBar.swift in Sources */,
				F400AE06293B7DBE00758820 /* NSNotification+Helpers.swift in Sources */,
				F400AE0F293C8D1800758820 /* TabView.swift in Sources */,
				F400AE15293C904600758820 /* Tab+StatusBarBackgroundView.swift in Sources */,
				F400ADFD293B5D1E00758820 /* ViewController+AddressBarAnimation.swift in Sources */,
				F400ADF6293B2E2000758820 /* Toolbar.swift in Sources */,
				F400AE04293B730E00758820 /* ViewController+KeyboardManager.swift in Sources */,
				F400ADD8293B244500758820 /* AppDelegate.swift in Sources */,
				F400ADDA293B244500758820 /* SceneDelegate.swift in Sources */,
			);
			runOnlyForDeploymentPostprocessing = 0;
		};
/* End PBXSourcesBuildPhase section */

/* Begin PBXVariantGroup section */
		F400ADE2293B244A00758820 /* LaunchScreen.storyboard */ = {
			isa = PBXVariantGroup;
			children = (
				F400ADE3293B244A00758820 /* Base */,
			);
			name = LaunchScreen.storyboard;
			sourceTree = "<group>";
		};
/* End PBXVariantGroup section */

/* Begin XCBuildConfiguration section */
		F400ADE6293B244A00758820 /* Debug */ = {
			isa = XCBuildConfiguration;
			buildSettings = {
				ALWAYS_SEARCH_USER_PATHS = NO;
				CLANG_ANALYZER_NONNULL = YES;
				CLANG_ANALYZER_NUMBER_OBJECT_CONVERSION = YES_AGGRESSIVE;
				CLANG_CXX_LANGUAGE_STANDARD = "gnu++20";
				CLANG_ENABLE_MODULES = YES;
				CLANG_ENABLE_OBJC_ARC = YES;
				CLANG_ENABLE_OBJC_WEAK = YES;
				CLANG_WARN_BLOCK_CAPTURE_AUTORELEASING = YES;
				CLANG_WARN_BOOL_CONVERSION = YES;
				CLANG_WARN_COMMA = YES;
				CLANG_WARN_CONSTANT_CONVERSION = YES;
				CLANG_WARN_DEPRECATED_OBJC_IMPLEMENTATIONS = YES;
				CLANG_WARN_DIRECT_OBJC_ISA_USAGE = YES_ERROR;
				CLANG_WARN_DOCUMENTATION_COMMENTS = YES;
				CLANG_WARN_EMPTY_BODY = YES;
				CLANG_WARN_ENUM_CONVERSION = YES;
				CLANG_WARN_INFINITE_RECURSION = YES;
				CLANG_WARN_INT_CONVERSION = YES;
				CLANG_WARN_NON_LITERAL_NULL_CONVERSION = YES;
				CLANG_WARN_OBJC_IMPLICIT_RETAIN_SELF = YES;
				CLANG_WARN_OBJC_LITERAL_CONVERSION = YES;
				CLANG_WARN_OBJC_ROOT_CLASS = YES_ERROR;
				CLANG_WARN_QUOTED_INCLUDE_IN_FRAMEWORK_HEADER = YES;
				CLANG_WARN_RANGE_LOOP_ANALYSIS = YES;
				CLANG_WARN_STRICT_PROTOTYPES = YES;
				CLANG_WARN_SUSPICIOUS_MOVE = YES;
				CLANG_WARN_UNGUARDED_AVAILABILITY = YES_AGGRESSIVE;
				CLANG_WARN_UNREACHABLE_CODE = YES;
				CLANG_WARN__DUPLICATE_METHOD_MATCH = YES;
				COPY_PHASE_STRIP = NO;
				DEBUG_INFORMATION_FORMAT = dwarf;
				ENABLE_STRICT_OBJC_MSGSEND = YES;
				ENABLE_TESTABILITY = YES;
				GCC_C_LANGUAGE_STANDARD = gnu11;
				GCC_DYNAMIC_NO_PIC = NO;
				GCC_NO_COMMON_BLOCKS = YES;
				GCC_OPTIMIZATION_LEVEL = 0;
				GCC_PREPROCESSOR_DEFINITIONS = (
					"DEBUG=1",
					"$(inherited)",
				);
				GCC_WARN_64_TO_32_BIT_CONVERSION = YES;
				GCC_WARN_ABOUT_RETURN_TYPE = YES_ERROR;
				GCC_WARN_UNDECLARED_SELECTOR = YES;
				GCC_WARN_UNINITIALIZED_AUTOS = YES_AGGRESSIVE;
				GCC_WARN_UNUSED_FUNCTION = YES;
				GCC_WARN_UNUSED_VARIABLE = YES;
				IPHONEOS_DEPLOYMENT_TARGET = 13.0;
				MTL_ENABLE_DEBUG_INFO = INCLUDE_SOURCE;
				MTL_FAST_MATH = YES;
				ONLY_ACTIVE_ARCH = YES;
				SDKROOT = iphoneos;
				SWIFT_ACTIVE_COMPILATION_CONDITIONS = DEBUG;
				SWIFT_OPTIMIZATION_LEVEL = "-Onone";
			};
			name = Debug;
		};
		F400ADE7293B244A00758820 /* Release */ = {
			isa = XCBuildConfiguration;
			buildSettings = {
				ALWAYS_SEARCH_USER_PATHS = NO;
				CLANG_ANALYZER_NONNULL = YES;
				CLANG_ANALYZER_NUMBER_OBJECT_CONVERSION = YES_AGGRESSIVE;
				CLANG_CXX_LANGUAGE_STANDARD = "gnu++20";
				CLANG_ENABLE_MODULES = YES;
				CLANG_ENABLE_OBJC_ARC = YES;
				CLANG_ENABLE_OBJC_WEAK = YES;
				CLANG_WARN_BLOCK_CAPTURE_AUTORELEASING = YES;
				CLANG_WARN_BOOL_CONVERSION = YES;
				CLANG_WARN_COMMA = YES;
				CLANG_WARN_CONSTANT_CONVERSION = YES;
				CLANG_WARN_DEPRECATED_OBJC_IMPLEMENTATIONS = YES;
				CLANG_WARN_DIRECT_OBJC_ISA_USAGE = YES_ERROR;
				CLANG_WARN_DOCUMENTATION_COMMENTS = YES;
				CLANG_WARN_EMPTY_BODY = YES;
				CLANG_WARN_ENUM_CONVERSION = YES;
				CLANG_WARN_INFINITE_RECURSION = YES;
				CLANG_WARN_INT_CONVERSION = YES;
				CLANG_WARN_NON_LITERAL_NULL_CONVERSION = YES;
				CLANG_WARN_OBJC_IMPLICIT_RETAIN_SELF = YES;
				CLANG_WARN_OBJC_LITERAL_CONVERSION = YES;
				CLANG_WARN_OBJC_ROOT_CLASS = YES_ERROR;
				CLANG_WARN_QUOTED_INCLUDE_IN_FRAMEWORK_HEADER = YES;
				CLANG_WARN_RANGE_LOOP_ANALYSIS = YES;
				CLANG_WARN_STRICT_PROTOTYPES = YES;
				CLANG_WARN_SUSPICIOUS_MOVE = YES;
				CLANG_WARN_UNGUARDED_AVAILABILITY = YES_AGGRESSIVE;
				CLANG_WARN_UNREACHABLE_CODE = YES;
				CLANG_WARN__DUPLICATE_METHOD_MATCH = YES;
				COPY_PHASE_STRIP = NO;
				DEBUG_INFORMATION_FORMAT = "dwarf-with-dsym";
				ENABLE_NS_ASSERTIONS = NO;
				ENABLE_STRICT_OBJC_MSGSEND = YES;
				GCC_C_LANGUAGE_STANDARD = gnu11;
				GCC_NO_COMMON_BLOCKS = YES;
				GCC_WARN_64_TO_32_BIT_CONVERSION = YES;
				GCC_WARN_ABOUT_RETURN_TYPE = YES_ERROR;
				GCC_WARN_UNDECLARED_SELECTOR = YES;
				GCC_WARN_UNINITIALIZED_AUTOS = YES_AGGRESSIVE;
				GCC_WARN_UNUSED_FUNCTION = YES;
				GCC_WARN_UNUSED_VARIABLE = YES;
				IPHONEOS_DEPLOYMENT_TARGET = 13.0;
				MTL_ENABLE_DEBUG_INFO = NO;
				MTL_FAST_MATH = YES;
				SDKROOT = iphoneos;
				SWIFT_COMPILATION_MODE = wholemodule;
				SWIFT_OPTIMIZATION_LEVEL = "-O";
				VALIDATE_PRODUCT = YES;
			};
			name = Release;
		};
		F400ADE9293B244A00758820 /* Debug */ = {
			isa = XCBuildConfiguration;
			baseConfigurationReference = F2685B531C87AAF9E15E614A /* Pods-WebBrowser.debug.xcconfig */;
			buildSettings = {
				ASSETCATALOG_COMPILER_APPICON_NAME = AppIcon;
				ASSETCATALOG_COMPILER_GLOBAL_ACCENT_COLOR_NAME = AccentColor;
				CODE_SIGN_STYLE = Automatic;
				CURRENT_PROJECT_VERSION = 1;
				DEVELOPMENT_TEAM = 34XV2JSY5D;
				GENERATE_INFOPLIST_FILE = YES;
				INFOPLIST_FILE = WebBrowser/SupportingFiles/Info.plist;
				INFOPLIST_KEY_UIApplicationSupportsIndirectInputEvents = YES;
				INFOPLIST_KEY_UILaunchStoryboardName = LaunchScreen;
				INFOPLIST_KEY_UISupportedInterfaceOrientations_iPad = "UIInterfaceOrientationPortrait UIInterfaceOrientationPortraitUpsideDown UIInterfaceOrientationLandscapeLeft UIInterfaceOrientationLandscapeRight";
				INFOPLIST_KEY_UISupportedInterfaceOrientations_iPhone = "UIInterfaceOrientationPortrait UIInterfaceOrientationLandscapeLeft UIInterfaceOrientationLandscapeRight";
				IPHONEOS_DEPLOYMENT_TARGET = 13.0;
				LD_RUNPATH_SEARCH_PATHS = (
					"$(inherited)",
					"@executable_path/Frameworks",
				);
				MARKETING_VERSION = 1.0;
				PRODUCT_BUNDLE_IDENTIFIER = "Artem-Shcherban.WebBrowser";
				PRODUCT_NAME = "$(TARGET_NAME)";
				SUPPORTED_PLATFORMS = "iphoneos iphonesimulator";
				SUPPORTS_MACCATALYST = NO;
				SUPPORTS_MAC_DESIGNED_FOR_IPHONE_IPAD = NO;
				SWIFT_EMIT_LOC_STRINGS = YES;
				SWIFT_VERSION = 5.0;
				TARGETED_DEVICE_FAMILY = 1;
			};
			name = Debug;
		};
		F400ADEA293B244A00758820 /* Release */ = {
			isa = XCBuildConfiguration;
			baseConfigurationReference = 6812AC4BCE02E47823C81D4C /* Pods-WebBrowser.release.xcconfig */;
			buildSettings = {
				ASSETCATALOG_COMPILER_APPICON_NAME = AppIcon;
				ASSETCATALOG_COMPILER_GLOBAL_ACCENT_COLOR_NAME = AccentColor;
				CODE_SIGN_STYLE = Automatic;
				CURRENT_PROJECT_VERSION = 1;
				DEVELOPMENT_TEAM = 34XV2JSY5D;
				GENERATE_INFOPLIST_FILE = YES;
				INFOPLIST_FILE = WebBrowser/SupportingFiles/Info.plist;
				INFOPLIST_KEY_UIApplicationSupportsIndirectInputEvents = YES;
				INFOPLIST_KEY_UILaunchStoryboardName = LaunchScreen;
				INFOPLIST_KEY_UISupportedInterfaceOrientations_iPad = "UIInterfaceOrientationPortrait UIInterfaceOrientationPortraitUpsideDown UIInterfaceOrientationLandscapeLeft UIInterfaceOrientationLandscapeRight";
				INFOPLIST_KEY_UISupportedInterfaceOrientations_iPhone = "UIInterfaceOrientationPortrait UIInterfaceOrientationLandscapeLeft UIInterfaceOrientationLandscapeRight";
				IPHONEOS_DEPLOYMENT_TARGET = 13.0;
				LD_RUNPATH_SEARCH_PATHS = (
					"$(inherited)",
					"@executable_path/Frameworks",
				);
				MARKETING_VERSION = 1.0;
				PRODUCT_BUNDLE_IDENTIFIER = "Artem-Shcherban.WebBrowser";
				PRODUCT_NAME = "$(TARGET_NAME)";
				SUPPORTED_PLATFORMS = "iphoneos iphonesimulator";
				SUPPORTS_MACCATALYST = NO;
				SUPPORTS_MAC_DESIGNED_FOR_IPHONE_IPAD = NO;
				SWIFT_EMIT_LOC_STRINGS = YES;
				SWIFT_VERSION = 5.0;
				TARGETED_DEVICE_FAMILY = 1;
			};
			name = Release;
		};
/* End XCBuildConfiguration section */

/* Begin XCConfigurationList section */
		F400ADCF293B244500758820 /* Build configuration list for PBXProject "WebBrowser" */ = {
			isa = XCConfigurationList;
			buildConfigurations = (
				F400ADE6293B244A00758820 /* Debug */,
				F400ADE7293B244A00758820 /* Release */,
			);
			defaultConfigurationIsVisible = 0;
			defaultConfigurationName = Release;
		};
		F400ADE8293B244A00758820 /* Build configuration list for PBXNativeTarget "WebBrowser" */ = {
			isa = XCConfigurationList;
			buildConfigurations = (
				F400ADE9293B244A00758820 /* Debug */,
				F400ADEA293B244A00758820 /* Release */,
			);
			defaultConfigurationIsVisible = 0;
			defaultConfigurationName = Release;
		};
/* End XCConfigurationList section */
	};
	rootObject = F400ADCC293B244500758820 /* Project object */;
}
