// !$*UTF8*$!
{
	archiveVersion = 1;
	classes = {
	};
	objectVersion = 55;
	objects = {

/* Begin PBXBuildFile section */
		3FB5ACAAC3E2A27D51802D87 /* Pods_WebBrowser.framework in Frameworks */ = {isa = PBXBuildFile; fileRef = 861F4B495DDAEF7BD0DBE286 /* Pods_WebBrowser.framework */; };
		F400ADD8293B244500758820 /* AppDelegate.swift in Sources */ = {isa = PBXBuildFile; fileRef = F400ADD7293B244500758820 /* AppDelegate.swift */; };
		F400ADDA293B244500758820 /* SceneDelegate.swift in Sources */ = {isa = PBXBuildFile; fileRef = F400ADD9293B244500758820 /* SceneDelegate.swift */; };
		F400ADDC293B244500758820 /* ViewController.swift in Sources */ = {isa = PBXBuildFile; fileRef = F400ADDB293B244500758820 /* ViewController.swift */; };
		F400ADE1293B244A00758820 /* Assets.xcassets in Resources */ = {isa = PBXBuildFile; fileRef = F400ADE0293B244A00758820 /* Assets.xcassets */; };
		F400ADE4293B244A00758820 /* LaunchScreen.storyboard in Resources */ = {isa = PBXBuildFile; fileRef = F400ADE2293B244A00758820 /* LaunchScreen.storyboard */; };
		F400ADF2293B2CFD00758820 /* WebBrowserView.swift in Sources */ = {isa = PBXBuildFile; fileRef = F400ADF1293B2CFC00758820 /* WebBrowserView.swift */; };
		F400ADF4293B2DF900758820 /* AddressBar.swift in Sources */ = {isa = PBXBuildFile; fileRef = F400ADF3293B2DF900758820 /* AddressBar.swift */; };
		F400ADF6293B2E2000758820 /* Toolbar.swift in Sources */ = {isa = PBXBuildFile; fileRef = F400ADF5293B2E2000758820 /* Toolbar.swift */; };
		F400ADF8293B369E00758820 /* AddressBar+TextField.swift in Sources */ = {isa = PBXBuildFile; fileRef = F400ADF7293B369E00758820 /* AddressBar+TextField.swift */; };
		F400ADFB293B3B3F00758820 /* UIColor+Helpers.swift in Sources */ = {isa = PBXBuildFile; fileRef = F400ADFA293B3B3F00758820 /* UIColor+Helpers.swift */; };
		F400ADFD293B5D1E00758820 /* ViewController+AddressBarAnimation.swift in Sources */ = {isa = PBXBuildFile; fileRef = F400ADFC293B5D1E00758820 /* ViewController+AddressBarAnimation.swift */; };
		F400AE00293B705D00758820 /* KeyboardManager.swift in Sources */ = {isa = PBXBuildFile; fileRef = F400ADFF293B705D00758820 /* KeyboardManager.swift */; };
		F400AE02293B727D00758820 /* WebBrowserModel.swift in Sources */ = {isa = PBXBuildFile; fileRef = F400AE01293B727D00758820 /* WebBrowserModel.swift */; };
		F400AE04293B730E00758820 /* ViewController+KeyboardManager.swift in Sources */ = {isa = PBXBuildFile; fileRef = F400AE03293B730E00758820 /* ViewController+KeyboardManager.swift */; };
		F400AE06293B7DBE00758820 /* NSNotification+Helpers.swift in Sources */ = {isa = PBXBuildFile; fileRef = F400AE05293B7DBE00758820 /* NSNotification+Helpers.swift */; };
		F400AE08293B834800758820 /* Array+Helpers.swift in Sources */ = {isa = PBXBuildFile; fileRef = F400AE07293B834800758820 /* Array+Helpers.swift */; };
		F400AE0F293C8D1800758820 /* TabView.swift in Sources */ = {isa = PBXBuildFile; fileRef = F400AE0E293C8D1800758820 /* TabView.swift */; };
		F400AE11293C8E4A00758820 /* FavoritesView.swift in Sources */ = {isa = PBXBuildFile; fileRef = F400AE10293C8E4A00758820 /* FavoritesView.swift */; };
		F400AE15293C904600758820 /* Tab+StatusBarBackgroundView.swift in Sources */ = {isa = PBXBuildFile; fileRef = F400AE14293C904600758820 /* Tab+StatusBarBackgroundView.swift */; };
		F400AE17293C991500758820 /* ViewController+ToolbarAnimation.swift in Sources */ = {isa = PBXBuildFile; fileRef = F400AE16293C991500758820 /* ViewController+ToolbarAnimation.swift */; };
		F400AE19293CE46E00758820 /* URLGenerator.swift in Sources */ = {isa = PBXBuildFile; fileRef = F400AE18293CE46E00758820 /* URLGenerator.swift */; };
		F400AE1C293DCC2A00758820 /* URLValidator.swift in Sources */ = {isa = PBXBuildFile; fileRef = F400AE1B293DCC2A00758820 /* URLValidator.swift */; };
		F423E365294740BB00EF6A11 /* DialogBoxTextField.swift in Sources */ = {isa = PBXBuildFile; fileRef = F423E364294740BB00EF6A11 /* DialogBoxTextField.swift */; };
		F423E36729475DA700EF6A11 /* FilterListCell.swift in Sources */ = {isa = PBXBuildFile; fileRef = F423E36629475DA700EF6A11 /* FilterListCell.swift */; };
		F428675C2944849B006A119E /* FilterListView.swift in Sources */ = {isa = PBXBuildFile; fileRef = F428675B2944849B006A119E /* FilterListView.swift */; };
		F428676129448596006A119E /* FilterListViewController.swift in Sources */ = {isa = PBXBuildFile; fileRef = F428676029448596006A119E /* FilterListViewController.swift */; };
		F42CCA16299BFEA200C677D2 /* LandscapeBrowserView.swift in Sources */ = {isa = PBXBuildFile; fileRef = F42CCA12299BFEA200C677D2 /* LandscapeBrowserView.swift */; };
		F42CCA17299BFEA200C677D2 /* LandscapeTabView.swift in Sources */ = {isa = PBXBuildFile; fileRef = F42CCA13299BFEA200C677D2 /* LandscapeTabView.swift */; };
		F42CCA18299BFEA200C677D2 /* LandscapeTabViewController.swift in Sources */ = {isa = PBXBuildFile; fileRef = F42CCA14299BFEA200C677D2 /* LandscapeTabViewController.swift */; };
		F42CCA19299BFEA200C677D2 /* LandscapeViewController.swift in Sources */ = {isa = PBXBuildFile; fileRef = F42CCA15299BFEA200C677D2 /* LandscapeViewController.swift */; };
		F42CCA1B299BFF4B00C677D2 /* AaButton.swift in Sources */ = {isa = PBXBuildFile; fileRef = F42CCA1A299BFF4B00C677D2 /* AaButton.swift */; };
		F42CCA21299BFF7900C677D2 /* BrowserViewController+BrowserViewDelegate.swift in Sources */ = {isa = PBXBuildFile; fileRef = F42CCA1C299BFF7900C677D2 /* BrowserViewController+BrowserViewDelegate.swift */; };
		F42CCA22299BFF7900C677D2 /* BrowserViewController.swift in Sources */ = {isa = PBXBuildFile; fileRef = F42CCA1D299BFF7900C677D2 /* BrowserViewController.swift */; };
		F42CCA23299BFF7900C677D2 /* BrowserViewController+AddressBarDelegate.swift in Sources */ = {isa = PBXBuildFile; fileRef = F42CCA1E299BFF7900C677D2 /* BrowserViewController+AddressBarDelegate.swift */; };
		F42CCA24299BFF7900C677D2 /* BrowserViewController+KeyboardManager.swift in Sources */ = {isa = PBXBuildFile; fileRef = F42CCA1F299BFF7900C677D2 /* BrowserViewController+KeyboardManager.swift */; };
		F42CCA25299BFF7900C677D2 /* BrowserViewController+TabViewControllerDelegate .swift in Sources */ = {isa = PBXBuildFile; fileRef = F42CCA20299BFF7900C677D2 /* BrowserViewController+TabViewControllerDelegate .swift */; };
		F42CCA2C299BFF9300C677D2 /* SuperTabView.swift in Sources */ = {isa = PBXBuildFile; fileRef = F42CCA26299BFF9300C677D2 /* SuperTabView.swift */; };
		F42CCA2D299BFF9300C677D2 /* TabViewController.swift in Sources */ = {isa = PBXBuildFile; fileRef = F42CCA27299BFF9300C677D2 /* TabViewController.swift */; };
		F42CCA2E299BFF9300C677D2 /* TabViewController+CollectionViewDelegate.swift in Sources */ = {isa = PBXBuildFile; fileRef = F42CCA28299BFF9300C677D2 /* TabViewController+CollectionViewDelegate.swift */; };
		F42CCA2F299BFF9300C677D2 /* TabViewController+FavoritesViewDelegate.swift in Sources */ = {isa = PBXBuildFile; fileRef = F42CCA29299BFF9300C677D2 /* TabViewController+FavoritesViewDelegate.swift */; };
		F42CCA30299BFF9300C677D2 /* TabViewController+WKNavigationDelegate.swift in Sources */ = {isa = PBXBuildFile; fileRef = F42CCA2A299BFF9300C677D2 /* TabViewController+WKNavigationDelegate.swift */; };
		F42CCA36299BFFAB00C677D2 /* HorizontalTabController.swift in Sources */ = {isa = PBXBuildFile; fileRef = F42CCA32299BFFAB00C677D2 /* HorizontalTabController.swift */; };
		F42CCA37299BFFAB00C677D2 /* HorizontalTabView.swift in Sources */ = {isa = PBXBuildFile; fileRef = F42CCA33299BFFAB00C677D2 /* HorizontalTabView.swift */; };
		F42CCA38299BFFAB00C677D2 /* HorizontalBrowserView.swift in Sources */ = {isa = PBXBuildFile; fileRef = F42CCA34299BFFAB00C677D2 /* HorizontalBrowserView.swift */; };
		F42CCA39299BFFAB00C677D2 /* HorizontalBrowserController.swift in Sources */ = {isa = PBXBuildFile; fileRef = F42CCA35299BFFAB00C677D2 /* HorizontalBrowserController.swift */; };
		F42CCA3B299CF0CB00C677D2 /* VerticalTabController+BookmarksCollectionViewDelegate.swift in Sources */ = {isa = PBXBuildFile; fileRef = F42CCA3A299CF0CB00C677D2 /* VerticalTabController+BookmarksCollectionViewDelegate.swift */; };
		F42CCA3F299CF47800C677D2 /* VerticalBrowserController+AddressBarAnimation.swift in Sources */ = {isa = PBXBuildFile; fileRef = F42CCA3E299CF47800C677D2 /* VerticalBrowserController+AddressBarAnimation.swift */; };
		F42CCA45299D423E00C677D2 /* VerticalBrowserController+KeyboardManager.swift in Sources */ = {isa = PBXBuildFile; fileRef = F42CCA44299D423E00C677D2 /* VerticalBrowserController+KeyboardManager.swift */; };
		F42CCA4929A2178600C677D2 /* VerticalBrowserView+ToolbarAnimation.swift in Sources */ = {isa = PBXBuildFile; fileRef = F42CCA4829A2178600C677D2 /* VerticalBrowserView+ToolbarAnimation.swift */; };
		F42CCA4B29A4DECA00C677D2 /* VerticalBrowserController+TabViewControllerDelegate.swift in Sources */ = {isa = PBXBuildFile; fileRef = F42CCA4A29A4DECA00C677D2 /* VerticalBrowserController+TabViewControllerDelegate.swift */; };
		F42CCA4D29A4E85400C677D2 /* HorizontalBrowserController+TabViewControllerDelegate.swift in Sources */ = {isa = PBXBuildFile; fileRef = F42CCA4C29A4E85300C677D2 /* HorizontalBrowserController+TabViewControllerDelegate.swift */; };
		F42D4DFF295C1C9E00824801 /* FavoritesModel.swift in Sources */ = {isa = PBXBuildFile; fileRef = F42D4DFE295C1C9E00824801 /* FavoritesModel.swift */; };
		F42D4E02295C1F5400824801 /* NetworkService.swift in Sources */ = {isa = PBXBuildFile; fileRef = F42D4E01295C1F5400824801 /* NetworkService.swift */; };
		F42D4E05295C21BF00824801 /* URLConstants.swift in Sources */ = {isa = PBXBuildFile; fileRef = F42D4E04295C21BF00824801 /* URLConstants.swift */; };
		F42D4E07295C30CA00824801 /* NetworkServiceError.swift in Sources */ = {isa = PBXBuildFile; fileRef = F42D4E06295C30CA00824801 /* NetworkServiceError.swift */; };
		F42FE68D298CEFF000E60932 /* Interface.swift in Sources */ = {isa = PBXBuildFile; fileRef = F42FE68C298CEFF000E60932 /* Interface.swift */; };
		F42FE68F299116EF00E60932 /* NewViewController.swift in Sources */ = {isa = PBXBuildFile; fileRef = F42FE68E299116EF00E60932 /* NewViewController.swift */; };
		F42FE69C299268CA00E60932 /* BookmarksViewController.swift in Sources */ = {isa = PBXBuildFile; fileRef = F42FE69B299268CA00E60932 /* BookmarksViewController.swift */; };
		F42FE69E29926D5700E60932 /* BookmarkModel.swift in Sources */ = {isa = PBXBuildFile; fileRef = F42FE69D29926D5600E60932 /* BookmarkModel.swift */; };
		F42FE6A02992784D00E60932 /* BookmarksViewOLD.swift in Sources */ = {isa = PBXBuildFile; fileRef = F42FE69F2992784D00E60932 /* BookmarksViewOLD.swift */; };
		F42FE6A329927AED00E60932 /* BookmarkPresentTransition.swift in Sources */ = {isa = PBXBuildFile; fileRef = F42FE6A229927AED00E60932 /* BookmarkPresentTransition.swift */; };
		F42FE6A529928F5300E60932 /* DataSource.swift in Sources */ = {isa = PBXBuildFile; fileRef = F42FE6A429928F5300E60932 /* DataSource.swift */; };
		F42FE6AE29955FF800E60932 /* OLDTabViewController.swift in Sources */ = {isa = PBXBuildFile; fileRef = F42FE6AD29955FF800E60932 /* OLDTabViewController.swift */; };
		F42FE6F429976C4600E60932 /* SuperFavoritesView.swift in Sources */ = {isa = PBXBuildFile; fileRef = F42FE6F329976C4500E60932 /* SuperFavoritesView.swift */; };
		F42FE6F629977B3C00E60932 /* VerticalBrowserView.swift in Sources */ = {isa = PBXBuildFile; fileRef = F42FE6F529977B3C00E60932 /* VerticalBrowserView.swift */; };
		F42FE6F82997874000E60932 /* VerticalTabController.swift in Sources */ = {isa = PBXBuildFile; fileRef = F42FE6F72997874000E60932 /* VerticalTabController.swift */; };
		F433C32B296D7FDD00FA9F4D /* URLModel.swift in Sources */ = {isa = PBXBuildFile; fileRef = F433C32A296D7FDD00FA9F4D /* URLModel.swift */; };
		F433C335296DA06900FA9F4D /* CDBookmarksCollection+CoreDataClass.swift in Sources */ = {isa = PBXBuildFile; fileRef = F433C334296DA06900FA9F4D /* CDBookmarksCollection+CoreDataClass.swift */; };
		F433C337296DA07A00FA9F4D /* CDBookmarksCollection+CoreDataProperties.swift in Sources */ = {isa = PBXBuildFile; fileRef = F433C336296DA07A00FA9F4D /* CDBookmarksCollection+CoreDataProperties.swift */; };
		F44B7A55295EFA5B003FA94E /* EditingBookmarkCell.swift in Sources */ = {isa = PBXBuildFile; fileRef = F44B7A54295EFA5B003FA94E /* EditingBookmarkCell.swift */; };
		F4515E7E299A7CD000B5A6C5 /* BrowserModel.swift in Sources */ = {isa = PBXBuildFile; fileRef = F4515E7D299A7CD000B5A6C5 /* BrowserModel.swift */; };
		F451AD22299B793900CE9B50 /* VerticalBrowserView+Animation.swift in Sources */ = {isa = PBXBuildFile; fileRef = F451AD21299B793900CE9B50 /* VerticalBrowserView+Animation.swift */; };
		F451AD28299B9F4900CE9B50 /* VerticalTabController+FavoritesViewDelegate.swift in Sources */ = {isa = PBXBuildFile; fileRef = F451AD27299B9F4900CE9B50 /* VerticalTabController+FavoritesViewDelegate.swift */; };
		F451AD2C299BDA4300CE9B50 /* PortraitTabController+BookmarksCollectionViewDataSource.swift in Sources */ = {isa = PBXBuildFile; fileRef = F451AD29299BDA4300CE9B50 /* PortraitTabController+BookmarksCollectionViewDataSource.swift */; };
		F451AD2D299BDA4300CE9B50 /* PortraitTabController.swift in Sources */ = {isa = PBXBuildFile; fileRef = F451AD2A299BDA4300CE9B50 /* PortraitTabController.swift */; };
		F451AD2E299BDA4300CE9B50 /* PortraitTabController+BookmarksCollectionViewDelegate.swift in Sources */ = {isa = PBXBuildFile; fileRef = F451AD2B299BDA4300CE9B50 /* PortraitTabController+BookmarksCollectionViewDelegate.swift */; };
		F45253CD2972D34B005EC44E /* AnimatorFactory.swift in Sources */ = {isa = PBXBuildFile; fileRef = F45253CC2972D34B005EC44E /* AnimatorFactory.swift */; };
		F45253CF2972DD7E005EC44E /* WebBrowserView+Animation.swift in Sources */ = {isa = PBXBuildFile; fileRef = F45253CE2972DD7E005EC44E /* WebBrowserView+Animation.swift */; };
		F45253D129731D5B005EC44E /* AddressBar+Animation.swift in Sources */ = {isa = PBXBuildFile; fileRef = F45253D029731D5B005EC44E /* AddressBar+Animation.swift */; };
		F45253DB2975647B005EC44E /* DialogBox+Animation.swift in Sources */ = {isa = PBXBuildFile; fileRef = F45253DA2975647B005EC44E /* DialogBox+Animation.swift */; };
		F45253DD2977F2C9005EC44E /* AddressBar+Constraints.swift in Sources */ = {isa = PBXBuildFile; fileRef = F45253DC2977F2C9005EC44E /* AddressBar+Constraints.swift */; };
		F45253DF29792638005EC44E /* AddressBar+AaButtonDelegate.swift in Sources */ = {isa = PBXBuildFile; fileRef = F45253DE29792638005EC44E /* AddressBar+AaButtonDelegate.swift */; };
		F45253E1297926A3005EC44E /* AddressBar+TextFieldDelegate.swift in Sources */ = {isa = PBXBuildFile; fileRef = F45253E0297926A3005EC44E /* AddressBar+TextFieldDelegate.swift */; };
		F45253E8297AA4AC005EC44E /* HTML.swift in Sources */ = {isa = PBXBuildFile; fileRef = F45253E7297AA4AC005EC44E /* HTML.swift */; };
		F47371132955C072002B4A5D /* BookmarksCollectionView.swift in Sources */ = {isa = PBXBuildFile; fileRef = F47371122955C072002B4A5D /* BookmarksCollectionView.swift */; };
		F48BE93B2951E6830022B1CA /* TabModel.swift in Sources */ = {isa = PBXBuildFile; fileRef = F48BE93A2951E6830022B1CA /* TabModel.swift */; };
		F492EB2F29584C2200A06F88 /* BookmarksHeaderView.swift in Sources */ = {isa = PBXBuildFile; fileRef = F492EB2E29584C2200A06F88 /* BookmarksHeaderView.swift */; };
		F492EB322958628A00A06F88 /* WebBrowser.xcdatamodeld in Sources */ = {isa = PBXBuildFile; fileRef = F492EB302958628A00A06F88 /* WebBrowser.xcdatamodeld */; };
		F492EB372958676200A06F88 /* CoreDataStack.swift in Sources */ = {isa = PBXBuildFile; fileRef = F492EB362958676200A06F88 /* CoreDataStack.swift */; };
		F492EB4229586E8000A06F88 /* Bookmark.swift in Sources */ = {isa = PBXBuildFile; fileRef = F492EB4129586E8000A06F88 /* Bookmark.swift */; };
		F492EB44295871A700A06F88 /* BookmarksCollection.swift in Sources */ = {isa = PBXBuildFile; fileRef = F492EB43295871A700A06F88 /* BookmarksCollection.swift */; };
		F492EB4A2958732900A06F88 /* CDBookmark+CoreDataProperties.swift in Sources */ = {isa = PBXBuildFile; fileRef = F492EB462958732900A06F88 /* CDBookmark+CoreDataProperties.swift */; };
		F492EB4B2958732900A06F88 /* CDBookmark+CoreDataClass.swift in Sources */ = {isa = PBXBuildFile; fileRef = F492EB472958732900A06F88 /* CDBookmark+CoreDataClass.swift */; };
		F492EB502958738B00A06F88 /* BookmarkRepository.swift in Sources */ = {isa = PBXBuildFile; fileRef = F492EB4F2958738B00A06F88 /* BookmarkRepository.swift */; };
		F4BDBB862956D4C700B79BC9 /* BookmarkCell.swift in Sources */ = {isa = PBXBuildFile; fileRef = F4BDBB852956D4C700B79BC9 /* BookmarkCell.swift */; };
		F4BDBB88295701EE00B79BC9 /* UIViewControllerExtension.swift in Sources */ = {isa = PBXBuildFile; fileRef = F4BDBB87295701EE00B79BC9 /* UIViewControllerExtension.swift */; };
		F4BFF1FD299789BB00040AAC /* VerticalBrowserController.swift in Sources */ = {isa = PBXBuildFile; fileRef = F4BFF1FC299789BB00040AAC /* VerticalBrowserController.swift */; };
		F4BFF1FF29979AAE00040AAC /* BrowserView.swift in Sources */ = {isa = PBXBuildFile; fileRef = F4BFF1FE29979AAE00040AAC /* BrowserView.swift */; };
		F4BFF20D2997D0EB00040AAC /* VerticalTabView.swift in Sources */ = {isa = PBXBuildFile; fileRef = F4BFF20C2997D0EB00040AAC /* VerticalTabView.swift */; };
		F4BFF211299A523700040AAC /* VerticalTabView+StatusBackgroundView.swift in Sources */ = {isa = PBXBuildFile; fileRef = F4BFF210299A523700040AAC /* VerticalTabView+StatusBackgroundView.swift */; };
		F4CFA16029448D4900F45BC0 /* FilterListModel.swift in Sources */ = {isa = PBXBuildFile; fileRef = F4CFA15F29448D4900F45BC0 /* FilterListModel.swift */; };
		F4D292302945D94000E710CF /* DialogBox.swift in Sources */ = {isa = PBXBuildFile; fileRef = F4D2922F2945D94000E710CF /* DialogBox.swift */; };
		F4E9BCDC29A4ECF700ADB10D /* HorizontalBrowserView+ToolbarAnimation.swift in Sources */ = {isa = PBXBuildFile; fileRef = F4E9BCDB29A4ECF700ADB10D /* HorizontalBrowserView+ToolbarAnimation.swift */; };
		F4E9BCE129AF39AE00ADB10D /* FavoritesPopUpView.swift in Sources */ = {isa = PBXBuildFile; fileRef = F4E9BCE029AF39AE00ADB10D /* FavoritesPopUpView.swift */; };
		F4EFE8322987F8FE00DA7578 /* Webpage.swift in Sources */ = {isa = PBXBuildFile; fileRef = F4EFE8312987F8FE00DA7578 /* Webpage.swift */; };
		F4EFE8342987F96100DA7578 /* WebpagesBackForwardStack.swift in Sources */ = {isa = PBXBuildFile; fileRef = F4EFE8332987F96100DA7578 /* WebpagesBackForwardStack.swift */; };
		F4EFE8362987FA0400DA7578 /* NotificationNameExtension.swift in Sources */ = {isa = PBXBuildFile; fileRef = F4EFE8352987FA0400DA7578 /* NotificationNameExtension.swift */; };
/* End PBXBuildFile section */

/* Begin PBXFileReference section */
		6812AC4BCE02E47823C81D4C /* Pods-WebBrowser.release.xcconfig */ = {isa = PBXFileReference; includeInIndex = 1; lastKnownFileType = text.xcconfig; name = "Pods-WebBrowser.release.xcconfig"; path = "Target Support Files/Pods-WebBrowser/Pods-WebBrowser.release.xcconfig"; sourceTree = "<group>"; };
		861F4B495DDAEF7BD0DBE286 /* Pods_WebBrowser.framework */ = {isa = PBXFileReference; explicitFileType = wrapper.framework; includeInIndex = 0; path = Pods_WebBrowser.framework; sourceTree = BUILT_PRODUCTS_DIR; };
		F2685B531C87AAF9E15E614A /* Pods-WebBrowser.debug.xcconfig */ = {isa = PBXFileReference; includeInIndex = 1; lastKnownFileType = text.xcconfig; name = "Pods-WebBrowser.debug.xcconfig"; path = "Target Support Files/Pods-WebBrowser/Pods-WebBrowser.debug.xcconfig"; sourceTree = "<group>"; };
		F400ADD4293B244500758820 /* WebBrowser.app */ = {isa = PBXFileReference; explicitFileType = wrapper.application; includeInIndex = 0; path = WebBrowser.app; sourceTree = BUILT_PRODUCTS_DIR; };
		F400ADD7293B244500758820 /* AppDelegate.swift */ = {isa = PBXFileReference; lastKnownFileType = sourcecode.swift; path = AppDelegate.swift; sourceTree = "<group>"; };
		F400ADD9293B244500758820 /* SceneDelegate.swift */ = {isa = PBXFileReference; lastKnownFileType = sourcecode.swift; path = SceneDelegate.swift; sourceTree = "<group>"; };
		F400ADDB293B244500758820 /* ViewController.swift */ = {isa = PBXFileReference; lastKnownFileType = sourcecode.swift; path = ViewController.swift; sourceTree = "<group>"; };
		F400ADE0293B244A00758820 /* Assets.xcassets */ = {isa = PBXFileReference; lastKnownFileType = folder.assetcatalog; path = Assets.xcassets; sourceTree = "<group>"; };
		F400ADE3293B244A00758820 /* Base */ = {isa = PBXFileReference; lastKnownFileType = file.storyboard; name = Base; path = Base.lproj/LaunchScreen.storyboard; sourceTree = "<group>"; };
		F400ADE5293B244A00758820 /* Info.plist */ = {isa = PBXFileReference; lastKnownFileType = text.plist.xml; path = Info.plist; sourceTree = "<group>"; };
		F400ADF1293B2CFC00758820 /* WebBrowserView.swift */ = {isa = PBXFileReference; lastKnownFileType = sourcecode.swift; path = WebBrowserView.swift; sourceTree = "<group>"; };
		F400ADF3293B2DF900758820 /* AddressBar.swift */ = {isa = PBXFileReference; lastKnownFileType = sourcecode.swift; path = AddressBar.swift; sourceTree = "<group>"; };
		F400ADF5293B2E2000758820 /* Toolbar.swift */ = {isa = PBXFileReference; lastKnownFileType = sourcecode.swift; path = Toolbar.swift; sourceTree = "<group>"; };
		F400ADF7293B369E00758820 /* AddressBar+TextField.swift */ = {isa = PBXFileReference; lastKnownFileType = sourcecode.swift; path = "AddressBar+TextField.swift"; sourceTree = "<group>"; };
		F400ADFA293B3B3F00758820 /* UIColor+Helpers.swift */ = {isa = PBXFileReference; lastKnownFileType = sourcecode.swift; path = "UIColor+Helpers.swift"; sourceTree = "<group>"; };
		F400ADFC293B5D1E00758820 /* ViewController+AddressBarAnimation.swift */ = {isa = PBXFileReference; lastKnownFileType = sourcecode.swift; path = "ViewController+AddressBarAnimation.swift"; sourceTree = "<group>"; };
		F400ADFF293B705D00758820 /* KeyboardManager.swift */ = {isa = PBXFileReference; lastKnownFileType = sourcecode.swift; path = KeyboardManager.swift; sourceTree = "<group>"; };
		F400AE01293B727D00758820 /* WebBrowserModel.swift */ = {isa = PBXFileReference; lastKnownFileType = sourcecode.swift; path = WebBrowserModel.swift; sourceTree = "<group>"; };
		F400AE03293B730E00758820 /* ViewController+KeyboardManager.swift */ = {isa = PBXFileReference; lastKnownFileType = sourcecode.swift; path = "ViewController+KeyboardManager.swift"; sourceTree = "<group>"; };
		F400AE05293B7DBE00758820 /* NSNotification+Helpers.swift */ = {isa = PBXFileReference; lastKnownFileType = sourcecode.swift; path = "NSNotification+Helpers.swift"; sourceTree = "<group>"; };
		F400AE07293B834800758820 /* Array+Helpers.swift */ = {isa = PBXFileReference; lastKnownFileType = sourcecode.swift; path = "Array+Helpers.swift"; sourceTree = "<group>"; };
		F400AE0E293C8D1800758820 /* TabView.swift */ = {isa = PBXFileReference; lastKnownFileType = sourcecode.swift; path = TabView.swift; sourceTree = "<group>"; };
		F400AE10293C8E4A00758820 /* FavoritesView.swift */ = {isa = PBXFileReference; lastKnownFileType = sourcecode.swift; path = FavoritesView.swift; sourceTree = "<group>"; };
		F400AE14293C904600758820 /* Tab+StatusBarBackgroundView.swift */ = {isa = PBXFileReference; lastKnownFileType = sourcecode.swift; path = "Tab+StatusBarBackgroundView.swift"; sourceTree = "<group>"; };
		F400AE16293C991500758820 /* ViewController+ToolbarAnimation.swift */ = {isa = PBXFileReference; lastKnownFileType = sourcecode.swift; path = "ViewController+ToolbarAnimation.swift"; sourceTree = "<group>"; };
		F400AE18293CE46E00758820 /* URLGenerator.swift */ = {isa = PBXFileReference; lastKnownFileType = sourcecode.swift; path = URLGenerator.swift; sourceTree = "<group>"; };
		F400AE1B293DCC2A00758820 /* URLValidator.swift */ = {isa = PBXFileReference; lastKnownFileType = sourcecode.swift; path = URLValidator.swift; sourceTree = "<group>"; };
		F423E364294740BB00EF6A11 /* DialogBoxTextField.swift */ = {isa = PBXFileReference; lastKnownFileType = sourcecode.swift; path = DialogBoxTextField.swift; sourceTree = "<group>"; };
		F423E36629475DA700EF6A11 /* FilterListCell.swift */ = {isa = PBXFileReference; lastKnownFileType = sourcecode.swift; path = FilterListCell.swift; sourceTree = "<group>"; };
		F428675B2944849B006A119E /* FilterListView.swift */ = {isa = PBXFileReference; lastKnownFileType = sourcecode.swift; path = FilterListView.swift; sourceTree = "<group>"; };
		F428676029448596006A119E /* FilterListViewController.swift */ = {isa = PBXFileReference; lastKnownFileType = sourcecode.swift; path = FilterListViewController.swift; sourceTree = "<group>"; };
		F42CCA12299BFEA200C677D2 /* LandscapeBrowserView.swift */ = {isa = PBXFileReference; fileEncoding = 4; lastKnownFileType = sourcecode.swift; path = LandscapeBrowserView.swift; sourceTree = "<group>"; };
		F42CCA13299BFEA200C677D2 /* LandscapeTabView.swift */ = {isa = PBXFileReference; fileEncoding = 4; lastKnownFileType = sourcecode.swift; path = LandscapeTabView.swift; sourceTree = "<group>"; };
		F42CCA14299BFEA200C677D2 /* LandscapeTabViewController.swift */ = {isa = PBXFileReference; fileEncoding = 4; lastKnownFileType = sourcecode.swift; path = LandscapeTabViewController.swift; sourceTree = "<group>"; };
		F42CCA15299BFEA200C677D2 /* LandscapeViewController.swift */ = {isa = PBXFileReference; fileEncoding = 4; lastKnownFileType = sourcecode.swift; path = LandscapeViewController.swift; sourceTree = "<group>"; };
		F42CCA1A299BFF4B00C677D2 /* AaButton.swift */ = {isa = PBXFileReference; fileEncoding = 4; lastKnownFileType = sourcecode.swift; name = AaButton.swift; path = WebBrowser/FilterListModule/AaButton.swift; sourceTree = SOURCE_ROOT; };
		F42CCA1C299BFF7900C677D2 /* BrowserViewController+BrowserViewDelegate.swift */ = {isa = PBXFileReference; fileEncoding = 4; lastKnownFileType = sourcecode.swift; path = "BrowserViewController+BrowserViewDelegate.swift"; sourceTree = "<group>"; };
		F42CCA1D299BFF7900C677D2 /* BrowserViewController.swift */ = {isa = PBXFileReference; fileEncoding = 4; lastKnownFileType = sourcecode.swift; path = BrowserViewController.swift; sourceTree = "<group>"; };
		F42CCA1E299BFF7900C677D2 /* BrowserViewController+AddressBarDelegate.swift */ = {isa = PBXFileReference; fileEncoding = 4; lastKnownFileType = sourcecode.swift; path = "BrowserViewController+AddressBarDelegate.swift"; sourceTree = "<group>"; };
		F42CCA1F299BFF7900C677D2 /* BrowserViewController+KeyboardManager.swift */ = {isa = PBXFileReference; fileEncoding = 4; lastKnownFileType = sourcecode.swift; path = "BrowserViewController+KeyboardManager.swift"; sourceTree = "<group>"; };
		F42CCA20299BFF7900C677D2 /* BrowserViewController+TabViewControllerDelegate .swift */ = {isa = PBXFileReference; fileEncoding = 4; lastKnownFileType = sourcecode.swift; path = "BrowserViewController+TabViewControllerDelegate .swift"; sourceTree = "<group>"; };
		F42CCA26299BFF9300C677D2 /* SuperTabView.swift */ = {isa = PBXFileReference; fileEncoding = 4; lastKnownFileType = sourcecode.swift; path = SuperTabView.swift; sourceTree = "<group>"; };
		F42CCA27299BFF9300C677D2 /* TabViewController.swift */ = {isa = PBXFileReference; fileEncoding = 4; lastKnownFileType = sourcecode.swift; path = TabViewController.swift; sourceTree = "<group>"; };
		F42CCA28299BFF9300C677D2 /* TabViewController+CollectionViewDelegate.swift */ = {isa = PBXFileReference; fileEncoding = 4; lastKnownFileType = sourcecode.swift; path = "TabViewController+CollectionViewDelegate.swift"; sourceTree = "<group>"; };
		F42CCA29299BFF9300C677D2 /* TabViewController+FavoritesViewDelegate.swift */ = {isa = PBXFileReference; fileEncoding = 4; lastKnownFileType = sourcecode.swift; path = "TabViewController+FavoritesViewDelegate.swift"; sourceTree = "<group>"; };
		F42CCA2A299BFF9300C677D2 /* TabViewController+WKNavigationDelegate.swift */ = {isa = PBXFileReference; fileEncoding = 4; lastKnownFileType = sourcecode.swift; path = "TabViewController+WKNavigationDelegate.swift"; sourceTree = "<group>"; };
		F42CCA32299BFFAB00C677D2 /* HorizontalTabController.swift */ = {isa = PBXFileReference; fileEncoding = 4; lastKnownFileType = sourcecode.swift; path = HorizontalTabController.swift; sourceTree = "<group>"; };
		F42CCA33299BFFAB00C677D2 /* HorizontalTabView.swift */ = {isa = PBXFileReference; fileEncoding = 4; lastKnownFileType = sourcecode.swift; path = HorizontalTabView.swift; sourceTree = "<group>"; };
		F42CCA34299BFFAB00C677D2 /* HorizontalBrowserView.swift */ = {isa = PBXFileReference; fileEncoding = 4; lastKnownFileType = sourcecode.swift; path = HorizontalBrowserView.swift; sourceTree = "<group>"; };
		F42CCA35299BFFAB00C677D2 /* HorizontalBrowserController.swift */ = {isa = PBXFileReference; fileEncoding = 4; lastKnownFileType = sourcecode.swift; path = HorizontalBrowserController.swift; sourceTree = "<group>"; };
		F42CCA3A299CF0CB00C677D2 /* VerticalTabController+BookmarksCollectionViewDelegate.swift */ = {isa = PBXFileReference; lastKnownFileType = sourcecode.swift; path = "VerticalTabController+BookmarksCollectionViewDelegate.swift"; sourceTree = "<group>"; };
		F42CCA3E299CF47800C677D2 /* VerticalBrowserController+AddressBarAnimation.swift */ = {isa = PBXFileReference; lastKnownFileType = sourcecode.swift; path = "VerticalBrowserController+AddressBarAnimation.swift"; sourceTree = "<group>"; };
		F42CCA44299D423E00C677D2 /* VerticalBrowserController+KeyboardManager.swift */ = {isa = PBXFileReference; lastKnownFileType = sourcecode.swift; path = "VerticalBrowserController+KeyboardManager.swift"; sourceTree = "<group>"; };
		F42CCA4829A2178600C677D2 /* VerticalBrowserView+ToolbarAnimation.swift */ = {isa = PBXFileReference; lastKnownFileType = sourcecode.swift; path = "VerticalBrowserView+ToolbarAnimation.swift"; sourceTree = "<group>"; };
		F42CCA4A29A4DECA00C677D2 /* VerticalBrowserController+TabViewControllerDelegate.swift */ = {isa = PBXFileReference; lastKnownFileType = sourcecode.swift; path = "VerticalBrowserController+TabViewControllerDelegate.swift"; sourceTree = "<group>"; };
		F42CCA4C29A4E85300C677D2 /* HorizontalBrowserController+TabViewControllerDelegate.swift */ = {isa = PBXFileReference; lastKnownFileType = sourcecode.swift; path = "HorizontalBrowserController+TabViewControllerDelegate.swift"; sourceTree = "<group>"; };
		F42D4DFE295C1C9E00824801 /* FavoritesModel.swift */ = {isa = PBXFileReference; lastKnownFileType = sourcecode.swift; path = FavoritesModel.swift; sourceTree = "<group>"; };
		F42D4E01295C1F5400824801 /* NetworkService.swift */ = {isa = PBXFileReference; lastKnownFileType = sourcecode.swift; path = NetworkService.swift; sourceTree = "<group>"; };
		F42D4E04295C21BF00824801 /* URLConstants.swift */ = {isa = PBXFileReference; lastKnownFileType = sourcecode.swift; path = URLConstants.swift; sourceTree = "<group>"; };
		F42D4E06295C30CA00824801 /* NetworkServiceError.swift */ = {isa = PBXFileReference; lastKnownFileType = sourcecode.swift; path = NetworkServiceError.swift; sourceTree = "<group>"; };
		F42FE68C298CEFF000E60932 /* Interface.swift */ = {isa = PBXFileReference; lastKnownFileType = sourcecode.swift; path = Interface.swift; sourceTree = "<group>"; };
		F42FE68E299116EF00E60932 /* NewViewController.swift */ = {isa = PBXFileReference; lastKnownFileType = sourcecode.swift; path = NewViewController.swift; sourceTree = "<group>"; };
		F42FE69B299268CA00E60932 /* BookmarksViewController.swift */ = {isa = PBXFileReference; lastKnownFileType = sourcecode.swift; path = BookmarksViewController.swift; sourceTree = "<group>"; };
		F42FE69D29926D5600E60932 /* BookmarkModel.swift */ = {isa = PBXFileReference; lastKnownFileType = sourcecode.swift; path = BookmarkModel.swift; sourceTree = "<group>"; };
		F42FE69F2992784D00E60932 /* BookmarksViewOLD.swift */ = {isa = PBXFileReference; lastKnownFileType = sourcecode.swift; path = BookmarksViewOLD.swift; sourceTree = "<group>"; };
		F42FE6A229927AED00E60932 /* BookmarkPresentTransition.swift */ = {isa = PBXFileReference; lastKnownFileType = sourcecode.swift; path = BookmarkPresentTransition.swift; sourceTree = "<group>"; };
		F42FE6A429928F5300E60932 /* DataSource.swift */ = {isa = PBXFileReference; lastKnownFileType = sourcecode.swift; path = DataSource.swift; sourceTree = "<group>"; };
		F42FE6AD29955FF800E60932 /* OLDTabViewController.swift */ = {isa = PBXFileReference; lastKnownFileType = sourcecode.swift; path = OLDTabViewController.swift; sourceTree = "<group>"; };
		F42FE6F329976C4500E60932 /* SuperFavoritesView.swift */ = {isa = PBXFileReference; lastKnownFileType = sourcecode.swift; path = SuperFavoritesView.swift; sourceTree = "<group>"; };
		F42FE6F529977B3C00E60932 /* VerticalBrowserView.swift */ = {isa = PBXFileReference; lastKnownFileType = sourcecode.swift; path = VerticalBrowserView.swift; sourceTree = "<group>"; };
		F42FE6F72997874000E60932 /* VerticalTabController.swift */ = {isa = PBXFileReference; lastKnownFileType = sourcecode.swift; path = VerticalTabController.swift; sourceTree = "<group>"; };
		F433C32A296D7FDD00FA9F4D /* URLModel.swift */ = {isa = PBXFileReference; lastKnownFileType = sourcecode.swift; path = URLModel.swift; sourceTree = "<group>"; };
		F433C334296DA06900FA9F4D /* CDBookmarksCollection+CoreDataClass.swift */ = {isa = PBXFileReference; fileEncoding = 4; lastKnownFileType = sourcecode.swift; path = "CDBookmarksCollection+CoreDataClass.swift"; sourceTree = "<group>"; };
		F433C336296DA07A00FA9F4D /* CDBookmarksCollection+CoreDataProperties.swift */ = {isa = PBXFileReference; fileEncoding = 4; lastKnownFileType = sourcecode.swift; path = "CDBookmarksCollection+CoreDataProperties.swift"; sourceTree = "<group>"; };
		F44B7A54295EFA5B003FA94E /* EditingBookmarkCell.swift */ = {isa = PBXFileReference; lastKnownFileType = sourcecode.swift; path = EditingBookmarkCell.swift; sourceTree = "<group>"; };
		F4515E7D299A7CD000B5A6C5 /* BrowserModel.swift */ = {isa = PBXFileReference; lastKnownFileType = sourcecode.swift; path = BrowserModel.swift; sourceTree = "<group>"; };
		F451AD21299B793900CE9B50 /* VerticalBrowserView+Animation.swift */ = {isa = PBXFileReference; lastKnownFileType = sourcecode.swift; path = "VerticalBrowserView+Animation.swift"; sourceTree = "<group>"; };
		F451AD27299B9F4900CE9B50 /* VerticalTabController+FavoritesViewDelegate.swift */ = {isa = PBXFileReference; lastKnownFileType = sourcecode.swift; path = "VerticalTabController+FavoritesViewDelegate.swift"; sourceTree = "<group>"; };
		F451AD29299BDA4300CE9B50 /* PortraitTabController+BookmarksCollectionViewDataSource.swift */ = {isa = PBXFileReference; fileEncoding = 4; lastKnownFileType = sourcecode.swift; path = "PortraitTabController+BookmarksCollectionViewDataSource.swift"; sourceTree = "<group>"; };
		F451AD2A299BDA4300CE9B50 /* PortraitTabController.swift */ = {isa = PBXFileReference; fileEncoding = 4; lastKnownFileType = sourcecode.swift; path = PortraitTabController.swift; sourceTree = "<group>"; };
		F451AD2B299BDA4300CE9B50 /* PortraitTabController+BookmarksCollectionViewDelegate.swift */ = {isa = PBXFileReference; fileEncoding = 4; lastKnownFileType = sourcecode.swift; path = "PortraitTabController+BookmarksCollectionViewDelegate.swift"; sourceTree = "<group>"; };
		F45253CC2972D34B005EC44E /* AnimatorFactory.swift */ = {isa = PBXFileReference; lastKnownFileType = sourcecode.swift; path = AnimatorFactory.swift; sourceTree = "<group>"; };
		F45253CE2972DD7E005EC44E /* WebBrowserView+Animation.swift */ = {isa = PBXFileReference; lastKnownFileType = sourcecode.swift; path = "WebBrowserView+Animation.swift"; sourceTree = "<group>"; };
		F45253D029731D5B005EC44E /* AddressBar+Animation.swift */ = {isa = PBXFileReference; lastKnownFileType = sourcecode.swift; path = "AddressBar+Animation.swift"; sourceTree = "<group>"; };
		F45253DA2975647B005EC44E /* DialogBox+Animation.swift */ = {isa = PBXFileReference; lastKnownFileType = sourcecode.swift; path = "DialogBox+Animation.swift"; sourceTree = "<group>"; };
		F45253DC2977F2C9005EC44E /* AddressBar+Constraints.swift */ = {isa = PBXFileReference; lastKnownFileType = sourcecode.swift; path = "AddressBar+Constraints.swift"; sourceTree = "<group>"; };
		F45253DE29792638005EC44E /* AddressBar+AaButtonDelegate.swift */ = {isa = PBXFileReference; lastKnownFileType = sourcecode.swift; path = "AddressBar+AaButtonDelegate.swift"; sourceTree = "<group>"; };
		F45253E0297926A3005EC44E /* AddressBar+TextFieldDelegate.swift */ = {isa = PBXFileReference; lastKnownFileType = sourcecode.swift; path = "AddressBar+TextFieldDelegate.swift"; sourceTree = "<group>"; };
		F45253E7297AA4AC005EC44E /* HTML.swift */ = {isa = PBXFileReference; lastKnownFileType = sourcecode.swift; path = HTML.swift; sourceTree = "<group>"; };
		F47371122955C072002B4A5D /* BookmarksCollectionView.swift */ = {isa = PBXFileReference; lastKnownFileType = sourcecode.swift; path = BookmarksCollectionView.swift; sourceTree = "<group>"; };
		F48BE93A2951E6830022B1CA /* TabModel.swift */ = {isa = PBXFileReference; lastKnownFileType = sourcecode.swift; path = TabModel.swift; sourceTree = "<group>"; };
		F492EB2E29584C2200A06F88 /* BookmarksHeaderView.swift */ = {isa = PBXFileReference; lastKnownFileType = sourcecode.swift; path = BookmarksHeaderView.swift; sourceTree = "<group>"; };
		F492EB312958628A00A06F88 /* WebBrowser.xcdatamodel */ = {isa = PBXFileReference; lastKnownFileType = wrapper.xcdatamodel; path = WebBrowser.xcdatamodel; sourceTree = "<group>"; };
		F492EB362958676200A06F88 /* CoreDataStack.swift */ = {isa = PBXFileReference; lastKnownFileType = sourcecode.swift; path = CoreDataStack.swift; sourceTree = "<group>"; };
		F492EB4129586E8000A06F88 /* Bookmark.swift */ = {isa = PBXFileReference; lastKnownFileType = sourcecode.swift; path = Bookmark.swift; sourceTree = "<group>"; };
		F492EB43295871A700A06F88 /* BookmarksCollection.swift */ = {isa = PBXFileReference; lastKnownFileType = sourcecode.swift; path = BookmarksCollection.swift; sourceTree = "<group>"; };
		F492EB462958732900A06F88 /* CDBookmark+CoreDataProperties.swift */ = {isa = PBXFileReference; fileEncoding = 4; lastKnownFileType = sourcecode.swift; path = "CDBookmark+CoreDataProperties.swift"; sourceTree = "<group>"; };
		F492EB472958732900A06F88 /* CDBookmark+CoreDataClass.swift */ = {isa = PBXFileReference; fileEncoding = 4; lastKnownFileType = sourcecode.swift; path = "CDBookmark+CoreDataClass.swift"; sourceTree = "<group>"; };
		F492EB4F2958738B00A06F88 /* BookmarkRepository.swift */ = {isa = PBXFileReference; lastKnownFileType = sourcecode.swift; path = BookmarkRepository.swift; sourceTree = "<group>"; };
		F4BDBB852956D4C700B79BC9 /* BookmarkCell.swift */ = {isa = PBXFileReference; lastKnownFileType = sourcecode.swift; path = BookmarkCell.swift; sourceTree = "<group>"; };
		F4BDBB87295701EE00B79BC9 /* UIViewControllerExtension.swift */ = {isa = PBXFileReference; lastKnownFileType = sourcecode.swift; path = UIViewControllerExtension.swift; sourceTree = "<group>"; };
		F4BFF1FC299789BB00040AAC /* VerticalBrowserController.swift */ = {isa = PBXFileReference; lastKnownFileType = sourcecode.swift; path = VerticalBrowserController.swift; sourceTree = "<group>"; };
		F4BFF1FE29979AAE00040AAC /* BrowserView.swift */ = {isa = PBXFileReference; lastKnownFileType = sourcecode.swift; path = BrowserView.swift; sourceTree = "<group>"; };
		F4BFF20C2997D0EB00040AAC /* VerticalTabView.swift */ = {isa = PBXFileReference; lastKnownFileType = sourcecode.swift; path = VerticalTabView.swift; sourceTree = "<group>"; };
		F4BFF210299A523700040AAC /* VerticalTabView+StatusBackgroundView.swift */ = {isa = PBXFileReference; lastKnownFileType = sourcecode.swift; path = "VerticalTabView+StatusBackgroundView.swift"; sourceTree = "<group>"; };
		F4CFA15F29448D4900F45BC0 /* FilterListModel.swift */ = {isa = PBXFileReference; lastKnownFileType = sourcecode.swift; path = FilterListModel.swift; sourceTree = "<group>"; };
		F4D2922F2945D94000E710CF /* DialogBox.swift */ = {isa = PBXFileReference; lastKnownFileType = sourcecode.swift; path = DialogBox.swift; sourceTree = "<group>"; };
		F4E9BCDB29A4ECF700ADB10D /* HorizontalBrowserView+ToolbarAnimation.swift */ = {isa = PBXFileReference; lastKnownFileType = sourcecode.swift; path = "HorizontalBrowserView+ToolbarAnimation.swift"; sourceTree = "<group>"; };
		F4E9BCE029AF39AE00ADB10D /* FavoritesPopUpView.swift */ = {isa = PBXFileReference; lastKnownFileType = sourcecode.swift; path = FavoritesPopUpView.swift; sourceTree = "<group>"; };
		F4EFE8312987F8FE00DA7578 /* Webpage.swift */ = {isa = PBXFileReference; lastKnownFileType = sourcecode.swift; path = Webpage.swift; sourceTree = "<group>"; };
		F4EFE8332987F96100DA7578 /* WebpagesBackForwardStack.swift */ = {isa = PBXFileReference; lastKnownFileType = sourcecode.swift; path = WebpagesBackForwardStack.swift; sourceTree = "<group>"; };
		F4EFE8352987FA0400DA7578 /* NotificationNameExtension.swift */ = {isa = PBXFileReference; lastKnownFileType = sourcecode.swift; path = NotificationNameExtension.swift; sourceTree = "<group>"; };
/* End PBXFileReference section */

/* Begin PBXFrameworksBuildPhase section */
		F400ADD1293B244500758820 /* Frameworks */ = {
			isa = PBXFrameworksBuildPhase;
			buildActionMask = 2147483647;
			files = (
				3FB5ACAAC3E2A27D51802D87 /* Pods_WebBrowser.framework in Frameworks */,
			);
			runOnlyForDeploymentPostprocessing = 0;
		};
/* End PBXFrameworksBuildPhase section */

/* Begin PBXGroup section */
		15814C9FBB75F99B22088961 /* Frameworks */ = {
			isa = PBXGroup;
			children = (
				861F4B495DDAEF7BD0DBE286 /* Pods_WebBrowser.framework */,
			);
			name = Frameworks;
			sourceTree = "<group>";
		};
		594C7DDB499097619AB7B2A3 /* Pods */ = {
			isa = PBXGroup;
			children = (
				F2685B531C87AAF9E15E614A /* Pods-WebBrowser.debug.xcconfig */,
				6812AC4BCE02E47823C81D4C /* Pods-WebBrowser.release.xcconfig */,
			);
			path = Pods;
			sourceTree = "<group>";
		};
		F400ADCB293B244500758820 = {
			isa = PBXGroup;
			children = (
				F400ADD6293B244500758820 /* WebBrowser */,
				F400ADD5293B244500758820 /* Products */,
				594C7DDB499097619AB7B2A3 /* Pods */,
				15814C9FBB75F99B22088961 /* Frameworks */,
			);
			sourceTree = "<group>";
		};
		F400ADD5293B244500758820 /* Products */ = {
			isa = PBXGroup;
			children = (
				F400ADD4293B244500758820 /* WebBrowser.app */,
			);
			name = Products;
			sourceTree = "<group>";
		};
		F400ADD6293B244500758820 /* WebBrowser */ = {
			isa = PBXGroup;
			children = (
				F42CCA11299BFE7E00C677D2 /* New Group */,
				F45253E2297929BF005EC44E /* AnimatorFactory */,
				F42FE6A129927A8B00E60932 /* BookmarksModule */,
				F428675A29448431006A119E /* FilterListModule */,
				F42FE69A2992688100E60932 /* LandscapeModule */,
				F42D4E00295C1F3900824801 /* NetworkService */,
				F492EB4029586E6400A06F88 /* ObjectModels */,
				F400ADEB293B252300758820 /* SupportingFiles */,
				F400AE0B293C8CA300758820 /* TabModule */,
				F4286758294483E2006A119E /* WebBrowserModule */,
				F492EB332958644F00A06F88 /* CoreData */,
				F4BFF1FE29979AAE00040AAC /* BrowserView.swift */,
				F4515E7D299A7CD000B5A6C5 /* BrowserModel.swift */,
				F4515E79299A7B0E00B5A6C5 /* BrowserViewController */,
				F4515E7A299A7B3A00B5A6C5 /* TabViewController */,
				F4BFF2052997B43100040AAC /* HorizontalModule */,
				F4BFF2022997B1C800040AAC /* VerticalModule */,
			);
			path = WebBrowser;
			sourceTree = "<group>";
		};
		F400ADEB293B252300758820 /* SupportingFiles */ = {
			isa = PBXGroup;
			children = (
				F42D4E03295C21A700824801 /* Constants */,
				F400ADEC293B253B00758820 /* Application */,
				F400ADF9293B3B1800758820 /* Extensions */,
				F400ADFE293B702C00758820 /* KeyboardManager */,
				F400AE1A293CE47B00758820 /* URLGenerator */,
				F400ADE0293B244A00758820 /* Assets.xcassets */,
				F400ADE2293B244A00758820 /* LaunchScreen.storyboard */,
				F400ADE5293B244A00758820 /* Info.plist */,
			);
			path = SupportingFiles;
			sourceTree = "<group>";
		};
		F400ADEC293B253B00758820 /* Application */ = {
			isa = PBXGroup;
			children = (
				F400ADD7293B244500758820 /* AppDelegate.swift */,
				F400ADD9293B244500758820 /* SceneDelegate.swift */,
				F42FE68E299116EF00E60932 /* NewViewController.swift */,
			);
			path = Application;
			sourceTree = "<group>";
		};
		F400ADED293B255700758820 /* View */ = {
			isa = PBXGroup;
			children = (
				F45253D8297563C3005EC44E /* AddressBar */,
				F45253D72975639C005EC44E /* DialogBox */,
				F45253D9297563F6005EC44E /* WebBrowserView */,
			);
			path = View;
			sourceTree = "<group>";
		};
		F400ADEE293B256500758820 /* Model */ = {
			isa = PBXGroup;
			children = (
				F400AE01293B727D00758820 /* WebBrowserModel.swift */,
			);
			path = Model;
			sourceTree = "<group>";
		};
		F400ADEF293B256D00758820 /* Controller */ = {
			isa = PBXGroup;
			children = (
				F400ADDB293B244500758820 /* ViewController.swift */,
				F400ADFC293B5D1E00758820 /* ViewController+AddressBarAnimation.swift */,
				F400AE03293B730E00758820 /* ViewController+KeyboardManager.swift */,
				F400AE16293C991500758820 /* ViewController+ToolbarAnimation.swift */,
			);
			path = Controller;
			sourceTree = "<group>";
		};
		F400ADF9293B3B1800758820 /* Extensions */ = {
			isa = PBXGroup;
			children = (
				F400ADFA293B3B3F00758820 /* UIColor+Helpers.swift */,
				F400AE05293B7DBE00758820 /* NSNotification+Helpers.swift */,
				F400AE07293B834800758820 /* Array+Helpers.swift */,
				F4BDBB87295701EE00B79BC9 /* UIViewControllerExtension.swift */,
				F4EFE8352987FA0400DA7578 /* NotificationNameExtension.swift */,
				F42FE68C298CEFF000E60932 /* Interface.swift */,
			);
			path = Extensions;
			sourceTree = "<group>";
		};
		F400ADFE293B702C00758820 /* KeyboardManager */ = {
			isa = PBXGroup;
			children = (
				F400ADFF293B705D00758820 /* KeyboardManager.swift */,
			);
			path = KeyboardManager;
			sourceTree = "<group>";
		};
		F400AE0B293C8CA300758820 /* TabModule */ = {
			isa = PBXGroup;
			children = (
				F48BE9392951E65E0022B1CA /* Models */,
				F400AE12293C901D00758820 /* View */,
				F400AE13293C902900758820 /* Controller */,
				F42FE6AD29955FF800E60932 /* OLDTabViewController.swift */,
			);
			path = TabModule;
			sourceTree = "<group>";
		};
		F400AE12293C901D00758820 /* View */ = {
			isa = PBXGroup;
			children = (
				F428675729448382006A119E /* ElementsViews */,
				F400AE0E293C8D1800758820 /* TabView.swift */,
			);
			path = View;
			sourceTree = "<group>";
		};
		F400AE13293C902900758820 /* Controller */ = {
			isa = PBXGroup;
			children = (
				F451AD2A299BDA4300CE9B50 /* PortraitTabController.swift */,
				F451AD29299BDA4300CE9B50 /* PortraitTabController+BookmarksCollectionViewDataSource.swift */,
				F451AD2B299BDA4300CE9B50 /* PortraitTabController+BookmarksCollectionViewDelegate.swift */,
			);
			path = Controller;
			sourceTree = "<group>";
		};
		F400AE1A293CE47B00758820 /* URLGenerator */ = {
			isa = PBXGroup;
			children = (
				F400AE18293CE46E00758820 /* URLGenerator.swift */,
				F400AE1B293DCC2A00758820 /* URLValidator.swift */,
			);
			path = URLGenerator;
			sourceTree = "<group>";
		};
		F428675729448382006A119E /* ElementsViews */ = {
			isa = PBXGroup;
			children = (
				F400AE10293C8E4A00758820 /* FavoritesView.swift */,
				F4E9BCE029AF39AE00ADB10D /* FavoritesPopUpView.swift */,
				F400AE14293C904600758820 /* Tab+StatusBarBackgroundView.swift */,
				F42FE6F329976C4500E60932 /* SuperFavoritesView.swift */,
			);
			path = ElementsViews;
			sourceTree = "<group>";
		};
		F4286758294483E2006A119E /* WebBrowserModule */ = {
			isa = PBXGroup;
			children = (
				F400ADEF293B256D00758820 /* Controller */,
				F400ADEE293B256500758820 /* Model */,
				F400ADED293B255700758820 /* View */,
			);
			path = WebBrowserModule;
			sourceTree = "<group>";
		};
		F428675A29448431006A119E /* FilterListModule */ = {
			isa = PBXGroup;
			children = (
				F428675F29448573006A119E /* Model */,
				F428675E29448567006A119E /* View */,
				F428675D2944855C006A119E /* Controller */,
			);
			path = FilterListModule;
			sourceTree = "<group>";
		};
		F428675D2944855C006A119E /* Controller */ = {
			isa = PBXGroup;
			children = (
				F428676029448596006A119E /* FilterListViewController.swift */,
			);
			path = Controller;
			sourceTree = "<group>";
		};
		F428675E29448567006A119E /* View */ = {
			isa = PBXGroup;
			children = (
				F428675B2944849B006A119E /* FilterListView.swift */,
				F423E36629475DA700EF6A11 /* FilterListCell.swift */,
			);
			path = View;
			sourceTree = "<group>";
		};
		F428675F29448573006A119E /* Model */ = {
			isa = PBXGroup;
			children = (
				F4CFA15F29448D4900F45BC0 /* FilterListModel.swift */,
			);
			path = Model;
			sourceTree = "<group>";
		};
		F42CCA11299BFE7E00C677D2 /* New Group */ = {
			isa = PBXGroup;
			children = (
			);
			path = "New Group";
			sourceTree = "<group>";
		};
		F42CCA40299CF49300C677D2 /* VerticalBrowserController */ = {
			isa = PBXGroup;
			children = (
				F4BFF1FC299789BB00040AAC /* VerticalBrowserController.swift */,
				F42CCA3E299CF47800C677D2 /* VerticalBrowserController+AddressBarAnimation.swift */,
				F42CCA44299D423E00C677D2 /* VerticalBrowserController+KeyboardManager.swift */,
				F42CCA4A29A4DECA00C677D2 /* VerticalBrowserController+TabViewControllerDelegate.swift */,
			);
			path = VerticalBrowserController;
			sourceTree = "<group>";
		};
		F42CCA41299CF4B100C677D2 /* VerticalBrowserView */ = {
			isa = PBXGroup;
			children = (
				F42FE6F529977B3C00E60932 /* VerticalBrowserView.swift */,
				F451AD21299B793900CE9B50 /* VerticalBrowserView+Animation.swift */,
				F42CCA4829A2178600C677D2 /* VerticalBrowserView+ToolbarAnimation.swift */,
			);
			path = VerticalBrowserView;
			sourceTree = "<group>";
		};
		F42CCA42299CF4CD00C677D2 /* VerticalTabController */ = {
			isa = PBXGroup;
			children = (
				F42FE6F72997874000E60932 /* VerticalTabController.swift */,
				F42CCA3A299CF0CB00C677D2 /* VerticalTabController+BookmarksCollectionViewDelegate.swift */,
				F451AD27299B9F4900CE9B50 /* VerticalTabController+FavoritesViewDelegate.swift */,
			);
			path = VerticalTabController;
			sourceTree = "<group>";
		};
		F42CCA43299CF4E600C677D2 /* VerticalTabView */ = {
			isa = PBXGroup;
			children = (
				F4BFF20C2997D0EB00040AAC /* VerticalTabView.swift */,
				F4BFF210299A523700040AAC /* VerticalTabView+StatusBackgroundView.swift */,
			);
			path = VerticalTabView;
			sourceTree = "<group>";
		};
		F42D4E00295C1F3900824801 /* NetworkService */ = {
			isa = PBXGroup;
			children = (
				F42D4E01295C1F5400824801 /* NetworkService.swift */,
				F42D4E06295C30CA00824801 /* NetworkServiceError.swift */,
				F433C32A296D7FDD00FA9F4D /* URLModel.swift */,
			);
			path = NetworkService;
			sourceTree = "<group>";
		};
		F42D4E03295C21A700824801 /* Constants */ = {
			isa = PBXGroup;
			children = (
				F42D4E04295C21BF00824801 /* URLConstants.swift */,
				F45253E7297AA4AC005EC44E /* HTML.swift */,
			);
			path = Constants;
			sourceTree = "<group>";
		};
		F42FE69A2992688100E60932 /* LandscapeModule */ = {
			isa = PBXGroup;
			children = (
				F42CCA12299BFEA200C677D2 /* LandscapeBrowserView.swift */,
				F42CCA13299BFEA200C677D2 /* LandscapeTabView.swift */,
				F42CCA14299BFEA200C677D2 /* LandscapeTabViewController.swift */,
				F42CCA15299BFEA200C677D2 /* LandscapeViewController.swift */,
			);
			path = LandscapeModule;
			sourceTree = "<group>";
		};
		F42FE6A129927A8B00E60932 /* BookmarksModule */ = {
			isa = PBXGroup;
			children = (
				F42FE6A62993AC3100E60932 /* BookmarksCollectionView */,
				F42FE69B299268CA00E60932 /* BookmarksViewController.swift */,
				F42FE69D29926D5600E60932 /* BookmarkModel.swift */,
				F42FE69F2992784D00E60932 /* BookmarksViewOLD.swift */,
				F42FE6A229927AED00E60932 /* BookmarkPresentTransition.swift */,
				F42FE6A429928F5300E60932 /* DataSource.swift */,
			);
			path = BookmarksModule;
			sourceTree = "<group>";
		};
		F42FE6A62993AC3100E60932 /* BookmarksCollectionView */ = {
			isa = PBXGroup;
			children = (
				F4BDBB852956D4C700B79BC9 /* BookmarkCell.swift */,
				F47371122955C072002B4A5D /* BookmarksCollectionView.swift */,
				F44B7A54295EFA5B003FA94E /* EditingBookmarkCell.swift */,
				F492EB2E29584C2200A06F88 /* BookmarksHeaderView.swift */,
			);
			path = BookmarksCollectionView;
			sourceTree = "<group>";
		};
		F4515E79299A7B0E00B5A6C5 /* BrowserViewController */ = {
			isa = PBXGroup;
			children = (
				F42CCA1D299BFF7900C677D2 /* BrowserViewController.swift */,
				F42CCA1E299BFF7900C677D2 /* BrowserViewController+AddressBarDelegate.swift */,
				F42CCA1C299BFF7900C677D2 /* BrowserViewController+BrowserViewDelegate.swift */,
				F42CCA1F299BFF7900C677D2 /* BrowserViewController+KeyboardManager.swift */,
				F42CCA20299BFF7900C677D2 /* BrowserViewController+TabViewControllerDelegate .swift */,
			);
			path = BrowserViewController;
			sourceTree = "<group>";
		};
		F4515E7A299A7B3A00B5A6C5 /* TabViewController */ = {
			isa = PBXGroup;
			children = (
				F42CCA26299BFF9300C677D2 /* SuperTabView.swift */,
				F42CCA27299BFF9300C677D2 /* TabViewController.swift */,
				F42CCA28299BFF9300C677D2 /* TabViewController+CollectionViewDelegate.swift */,
				F42CCA29299BFF9300C677D2 /* TabViewController+FavoritesViewDelegate.swift */,
				F42CCA2A299BFF9300C677D2 /* TabViewController+WKNavigationDelegate.swift */,
			);
			path = TabViewController;
			sourceTree = "<group>";
		};
		F45253D72975639C005EC44E /* DialogBox */ = {
			isa = PBXGroup;
			children = (
				F4D2922F2945D94000E710CF /* DialogBox.swift */,
				F423E364294740BB00EF6A11 /* DialogBoxTextField.swift */,
				F45253DA2975647B005EC44E /* DialogBox+Animation.swift */,
			);
			path = DialogBox;
			sourceTree = "<group>";
		};
		F45253D8297563C3005EC44E /* AddressBar */ = {
			isa = PBXGroup;
			children = (
				F42CCA1A299BFF4B00C677D2 /* AaButton.swift */,
				F400ADF3293B2DF900758820 /* AddressBar.swift */,
				F45253DE29792638005EC44E /* AddressBar+AaButtonDelegate.swift */,
				F45253D029731D5B005EC44E /* AddressBar+Animation.swift */,
				F45253DC2977F2C9005EC44E /* AddressBar+Constraints.swift */,
				F400ADF7293B369E00758820 /* AddressBar+TextField.swift */,
				F45253E0297926A3005EC44E /* AddressBar+TextFieldDelegate.swift */,
				F400ADF5293B2E2000758820 /* Toolbar.swift */,
			);
			path = AddressBar;
			sourceTree = "<group>";
		};
		F45253D9297563F6005EC44E /* WebBrowserView */ = {
			isa = PBXGroup;
			children = (
				F400ADF1293B2CFC00758820 /* WebBrowserView.swift */,
				F45253CE2972DD7E005EC44E /* WebBrowserView+Animation.swift */,
			);
			path = WebBrowserView;
			sourceTree = "<group>";
		};
		F45253E2297929BF005EC44E /* AnimatorFactory */ = {
			isa = PBXGroup;
			children = (
				F45253CC2972D34B005EC44E /* AnimatorFactory.swift */,
			);
			path = AnimatorFactory;
			sourceTree = "<group>";
		};
		F48BE9392951E65E0022B1CA /* Models */ = {
			isa = PBXGroup;
			children = (
				F48BE93A2951E6830022B1CA /* TabModel.swift */,
				F42D4DFE295C1C9E00824801 /* FavoritesModel.swift */,
			);
			path = Models;
			sourceTree = "<group>";
		};
		F492EB332958644F00A06F88 /* CoreData */ = {
			isa = PBXGroup;
			children = (
				F492EB4E2958735400A06F88 /* CoreDataRepository */,
				F492EB452958731100A06F88 /* CoreDataObjects */,
				F492EB362958676200A06F88 /* CoreDataStack.swift */,
				F492EB302958628A00A06F88 /* WebBrowser.xcdatamodeld */,
			);
			path = CoreData;
			sourceTree = "<group>";
		};
		F492EB4029586E6400A06F88 /* ObjectModels */ = {
			isa = PBXGroup;
			children = (
				F492EB4129586E8000A06F88 /* Bookmark.swift */,
				F492EB43295871A700A06F88 /* BookmarksCollection.swift */,
				F4EFE8312987F8FE00DA7578 /* Webpage.swift */,
				F4EFE8332987F96100DA7578 /* WebpagesBackForwardStack.swift */,
			);
			path = ObjectModels;
			sourceTree = "<group>";
		};
		F492EB452958731100A06F88 /* CoreDataObjects */ = {
			isa = PBXGroup;
			children = (
				F433C334296DA06900FA9F4D /* CDBookmarksCollection+CoreDataClass.swift */,
				F433C336296DA07A00FA9F4D /* CDBookmarksCollection+CoreDataProperties.swift */,
				F492EB472958732900A06F88 /* CDBookmark+CoreDataClass.swift */,
				F492EB462958732900A06F88 /* CDBookmark+CoreDataProperties.swift */,
			);
			path = CoreDataObjects;
			sourceTree = "<group>";
		};
		F492EB4E2958735400A06F88 /* CoreDataRepository */ = {
			isa = PBXGroup;
			children = (
				F492EB4F2958738B00A06F88 /* BookmarkRepository.swift */,
			);
			path = CoreDataRepository;
			sourceTree = "<group>";
		};
		F4BFF2022997B1C800040AAC /* VerticalModule */ = {
			isa = PBXGroup;
			children = (
				F42CCA40299CF49300C677D2 /* VerticalBrowserController */,
				F42CCA41299CF4B100C677D2 /* VerticalBrowserView */,
				F42CCA42299CF4CD00C677D2 /* VerticalTabController */,
				F42CCA43299CF4E600C677D2 /* VerticalTabView */,
			);
			path = VerticalModule;
			sourceTree = "<group>";
		};
		F4BFF2052997B43100040AAC /* HorizontalModule */ = {
			isa = PBXGroup;
			children = (
				F4E9BCDD29A4ED2C00ADB10D /* HorizontalBrowserController */,
				F4E9BCDA29A4ECDB00ADB10D /* HorizontalBrowserView */,
				F4E9BCDE29A4ED4C00ADB10D /* HorizontalTabController */,
				F4E9BCDF29A4ED5A00ADB10D /* HorizontalTabView */,
			);
			path = HorizontalModule;
			sourceTree = "<group>";
		};
		F4E9BCDA29A4ECDB00ADB10D /* HorizontalBrowserView */ = {
			isa = PBXGroup;
			children = (
				F42CCA34299BFFAB00C677D2 /* HorizontalBrowserView.swift */,
				F4E9BCDB29A4ECF700ADB10D /* HorizontalBrowserView+ToolbarAnimation.swift */,
			);
			path = HorizontalBrowserView;
			sourceTree = "<group>";
		};
		F4E9BCDD29A4ED2C00ADB10D /* HorizontalBrowserController */ = {
			isa = PBXGroup;
			children = (
				F42CCA35299BFFAB00C677D2 /* HorizontalBrowserController.swift */,
				F42CCA4C29A4E85300C677D2 /* HorizontalBrowserController+TabViewControllerDelegate.swift */,
			);
			path = HorizontalBrowserController;
			sourceTree = "<group>";
		};
		F4E9BCDE29A4ED4C00ADB10D /* HorizontalTabController */ = {
			isa = PBXGroup;
			children = (
				F42CCA32299BFFAB00C677D2 /* HorizontalTabController.swift */,
			);
			path = HorizontalTabController;
			sourceTree = "<group>";
		};
		F4E9BCDF29A4ED5A00ADB10D /* HorizontalTabView */ = {
			isa = PBXGroup;
			children = (
				F42CCA33299BFFAB00C677D2 /* HorizontalTabView.swift */,
			);
			path = HorizontalTabView;
			sourceTree = "<group>";
		};
/* End PBXGroup section */

/* Begin PBXNativeTarget section */
		F400ADD3293B244500758820 /* WebBrowser */ = {
			isa = PBXNativeTarget;
			buildConfigurationList = F400ADE8293B244A00758820 /* Build configuration list for PBXNativeTarget "WebBrowser" */;
			buildPhases = (
				F400ADF0293B28C800758820 /* SwiftLint */,
				16C99889502F5CCFADF5C1B3 /* [CP] Check Pods Manifest.lock */,
				F400ADD0293B244500758820 /* Sources */,
				F400ADD1293B244500758820 /* Frameworks */,
				F400ADD2293B244500758820 /* Resources */,
			);
			buildRules = (
			);
			dependencies = (
			);
			name = WebBrowser;
			productName = WebBrowser;
			productReference = F400ADD4293B244500758820 /* WebBrowser.app */;
			productType = "com.apple.product-type.application";
		};
/* End PBXNativeTarget section */

/* Begin PBXProject section */
		F400ADCC293B244500758820 /* Project object */ = {
			isa = PBXProject;
			attributes = {
				BuildIndependentTargetsInParallel = 1;
				LastSwiftUpdateCheck = 1410;
				LastUpgradeCheck = 1410;
				TargetAttributes = {
					F400ADD3293B244500758820 = {
						CreatedOnToolsVersion = 14.1;
					};
				};
			};
			buildConfigurationList = F400ADCF293B244500758820 /* Build configuration list for PBXProject "WebBrowser" */;
			compatibilityVersion = "Xcode 13.0";
			developmentRegion = en;
			hasScannedForEncodings = 0;
			knownRegions = (
				en,
				Base,
			);
			mainGroup = F400ADCB293B244500758820;
			productRefGroup = F400ADD5293B244500758820 /* Products */;
			projectDirPath = "";
			projectRoot = "";
			targets = (
				F400ADD3293B244500758820 /* WebBrowser */,
			);
		};
/* End PBXProject section */

/* Begin PBXResourcesBuildPhase section */
		F400ADD2293B244500758820 /* Resources */ = {
			isa = PBXResourcesBuildPhase;
			buildActionMask = 2147483647;
			files = (
				F400ADE4293B244A00758820 /* LaunchScreen.storyboard in Resources */,
				F400ADE1293B244A00758820 /* Assets.xcassets in Resources */,
			);
			runOnlyForDeploymentPostprocessing = 0;
		};
/* End PBXResourcesBuildPhase section */

/* Begin PBXShellScriptBuildPhase section */
		16C99889502F5CCFADF5C1B3 /* [CP] Check Pods Manifest.lock */ = {
			isa = PBXShellScriptBuildPhase;
			buildActionMask = 2147483647;
			files = (
			);
			inputFileListPaths = (
			);
			inputPaths = (
				"${PODS_PODFILE_DIR_PATH}/Podfile.lock",
				"${PODS_ROOT}/Manifest.lock",
			);
			name = "[CP] Check Pods Manifest.lock";
			outputFileListPaths = (
			);
			outputPaths = (
				"$(DERIVED_FILE_DIR)/Pods-WebBrowser-checkManifestLockResult.txt",
			);
			runOnlyForDeploymentPostprocessing = 0;
			shellPath = /bin/sh;
			shellScript = "diff \"${PODS_PODFILE_DIR_PATH}/Podfile.lock\" \"${PODS_ROOT}/Manifest.lock\" > /dev/null\nif [ $? != 0 ] ; then\n    # print error to STDERR\n    echo \"error: The sandbox is not in sync with the Podfile.lock. Run 'pod install' or update your CocoaPods installation.\" >&2\n    exit 1\nfi\n# This output is used by Xcode 'outputs' to avoid re-running this script phase.\necho \"SUCCESS\" > \"${SCRIPT_OUTPUT_FILE_0}\"\n";
			showEnvVarsInLog = 0;
		};
		F400ADF0293B28C800758820 /* SwiftLint */ = {
			isa = PBXShellScriptBuildPhase;
			alwaysOutOfDate = 1;
			buildActionMask = 2147483647;
			files = (
			);
			inputFileListPaths = (
			);
			inputPaths = (
			);
			name = SwiftLint;
			outputFileListPaths = (
			);
			outputPaths = (
			);
			runOnlyForDeploymentPostprocessing = 0;
			shellPath = /bin/sh;
			shellScript = "\"${PODS_ROOT}/SwiftLint/swiftlint\"\n";
		};
/* End PBXShellScriptBuildPhase section */

/* Begin PBXSourcesBuildPhase section */
		F400ADD0293B244500758820 /* Sources */ = {
			isa = PBXSourcesBuildPhase;
			buildActionMask = 2147483647;
			files = (
				F4EFE8362987FA0400DA7578 /* NotificationNameExtension.swift in Sources */,
				F42FE6F629977B3C00E60932 /* VerticalBrowserView.swift in Sources */,
				F42CCA18299BFEA200C677D2 /* LandscapeTabViewController.swift in Sources */,
				F400AE11293C8E4A00758820 /* FavoritesView.swift in Sources */,
				F42CCA2F299BFF9300C677D2 /* TabViewController+FavoritesViewDelegate.swift in Sources */,
				F4BFF211299A523700040AAC /* VerticalTabView+StatusBackgroundView.swift in Sources */,
				F492EB44295871A700A06F88 /* BookmarksCollection.swift in Sources */,
				F42CCA2D299BFF9300C677D2 /* TabViewController.swift in Sources */,
				F4EFE8322987F8FE00DA7578 /* Webpage.swift in Sources */,
				F400AE02293B727D00758820 /* WebBrowserModel.swift in Sources */,
				F42FE69C299268CA00E60932 /* BookmarksViewController.swift in Sources */,
				F400ADF2293B2CFD00758820 /* WebBrowserView.swift in Sources */,
				F433C32B296D7FDD00FA9F4D /* URLModel.swift in Sources */,
				F45253E1297926A3005EC44E /* AddressBar+TextFieldDelegate.swift in Sources */,
				F45253DB2975647B005EC44E /* DialogBox+Animation.swift in Sources */,
				F4BFF1FD299789BB00040AAC /* VerticalBrowserController.swift in Sources */,
				F42CCA30299BFF9300C677D2 /* TabViewController+WKNavigationDelegate.swift in Sources */,
				F492EB372958676200A06F88 /* CoreDataStack.swift in Sources */,
				F400ADF8293B369E00758820 /* AddressBar+TextField.swift in Sources */,
				F4E9BCE129AF39AE00ADB10D /* FavoritesPopUpView.swift in Sources */,
				F42FE6A329927AED00E60932 /* BookmarkPresentTransition.swift in Sources */,
				F4E9BCDC29A4ECF700ADB10D /* HorizontalBrowserView+ToolbarAnimation.swift in Sources */,
				F492EB4229586E8000A06F88 /* Bookmark.swift in Sources */,
				F42CCA16299BFEA200C677D2 /* LandscapeBrowserView.swift in Sources */,
				F451AD28299B9F4900CE9B50 /* VerticalTabController+FavoritesViewDelegate.swift in Sources */,
				F42CCA23299BFF7900C677D2 /* BrowserViewController+AddressBarDelegate.swift in Sources */,
				F492EB4A2958732900A06F88 /* CDBookmark+CoreDataProperties.swift in Sources */,
				F48BE93B2951E6830022B1CA /* TabModel.swift in Sources */,
				F42CCA38299BFFAB00C677D2 /* HorizontalBrowserView.swift in Sources */,
				F47371132955C072002B4A5D /* BookmarksCollectionView.swift in Sources */,
				F42CCA4D29A4E85400C677D2 /* HorizontalBrowserController+TabViewControllerDelegate.swift in Sources */,
				F400AE1C293DCC2A00758820 /* URLValidator.swift in Sources */,
				F42D4DFF295C1C9E00824801 /* FavoritesModel.swift in Sources */,
				F400AE17293C991500758820 /* ViewController+ToolbarAnimation.swift in Sources */,
				F42CCA3B299CF0CB00C677D2 /* VerticalTabController+BookmarksCollectionViewDelegate.swift in Sources */,
				F400AE08293B834800758820 /* Array+Helpers.swift in Sources */,
				F42D4E05295C21BF00824801 /* URLConstants.swift in Sources */,
				F42CCA1B299BFF4B00C677D2 /* AaButton.swift in Sources */,
				F44B7A55295EFA5B003FA94E /* EditingBookmarkCell.swift in Sources */,
				F45253D129731D5B005EC44E /* AddressBar+Animation.swift in Sources */,
				F42FE6A529928F5300E60932 /* DataSource.swift in Sources */,
				F492EB2F29584C2200A06F88 /* BookmarksHeaderView.swift in Sources */,
				F42CCA37299BFFAB00C677D2 /* HorizontalTabView.swift in Sources */,
				F400AE19293CE46E00758820 /* URLGenerator.swift in Sources */,
				F400AE00293B705D00758820 /* KeyboardManager.swift in Sources */,
				F400ADDC293B244500758820 /* ViewController.swift in Sources */,
				F4CFA16029448D4900F45BC0 /* FilterListModel.swift in Sources */,
				F4EFE8342987F96100DA7578 /* WebpagesBackForwardStack.swift in Sources */,
				F433C337296DA07A00FA9F4D /* CDBookmarksCollection+CoreDataProperties.swift in Sources */,
				F42FE6AE29955FF800E60932 /* OLDTabViewController.swift in Sources */,
				F4D292302945D94000E710CF /* DialogBox.swift in Sources */,
				F400ADFB293B3B3F00758820 /* UIColor+Helpers.swift in Sources */,
				F451AD2C299BDA4300CE9B50 /* PortraitTabController+BookmarksCollectionViewDataSource.swift in Sources */,
				F42CCA25299BFF7900C677D2 /* BrowserViewController+TabViewControllerDelegate .swift in Sources */,
				F42CCA24299BFF7900C677D2 /* BrowserViewController+KeyboardManager.swift in Sources */,
				F45253DD2977F2C9005EC44E /* AddressBar+Constraints.swift in Sources */,
				F400ADF4293B2DF900758820 /* AddressBar.swift in Sources */,
				F423E365294740BB00EF6A11 /* DialogBoxTextField.swift in Sources */,
				F42CCA17299BFEA200C677D2 /* LandscapeTabView.swift in Sources */,
				F45253DF29792638005EC44E /* AddressBar+AaButtonDelegate.swift in Sources */,
				F492EB322958628A00A06F88 /* WebBrowser.xcdatamodeld in Sources */,
				F42CCA3F299CF47800C677D2 /* VerticalBrowserController+AddressBarAnimation.swift in Sources */,
				F45253E8297AA4AC005EC44E /* HTML.swift in Sources */,
				F400AE06293B7DBE00758820 /* NSNotification+Helpers.swift in Sources */,
				F42CCA36299BFFAB00C677D2 /* HorizontalTabController.swift in Sources */,
				F4515E7E299A7CD000B5A6C5 /* BrowserModel.swift in Sources */,
				F4BDBB88295701EE00B79BC9 /* UIViewControllerExtension.swift in Sources */,
				F4BFF20D2997D0EB00040AAC /* VerticalTabView.swift in Sources */,
				F400AE0F293C8D1800758820 /* TabView.swift in Sources */,
				F400AE15293C904600758820 /* Tab+StatusBarBackgroundView.swift in Sources */,
				F433C335296DA06900FA9F4D /* CDBookmarksCollection+CoreDataClass.swift in Sources */,
				F423E36729475DA700EF6A11 /* FilterListCell.swift in Sources */,
				F492EB502958738B00A06F88 /* BookmarkRepository.swift in Sources */,
				F492EB4B2958732900A06F88 /* CDBookmark+CoreDataClass.swift in Sources */,
				F42CCA21299BFF7900C677D2 /* BrowserViewController+BrowserViewDelegate.swift in Sources */,
				F42FE69E29926D5700E60932 /* BookmarkModel.swift in Sources */,
				F428675C2944849B006A119E /* FilterListView.swift in Sources */,
				F45253CD2972D34B005EC44E /* AnimatorFactory.swift in Sources */,
				F42CCA45299D423E00C677D2 /* VerticalBrowserController+KeyboardManager.swift in Sources */,
				F42FE6F429976C4600E60932 /* SuperFavoritesView.swift in Sources */,
				F4BFF1FF29979AAE00040AAC /* BrowserView.swift in Sources */,
				F400ADFD293B5D1E00758820 /* ViewController+AddressBarAnimation.swift in Sources */,
				F42FE68F299116EF00E60932 /* NewViewController.swift in Sources */,
				F4BDBB862956D4C700B79BC9 /* BookmarkCell.swift in Sources */,
				F42D4E07295C30CA00824801 /* NetworkServiceError.swift in Sources */,
				F42CCA39299BFFAB00C677D2 /* HorizontalBrowserController.swift in Sources */,
				F400ADF6293B2E2000758820 /* Toolbar.swift in Sources */,
				F42CCA2C299BFF9300C677D2 /* SuperTabView.swift in Sources */,
				F42D4E02295C1F5400824801 /* NetworkService.swift in Sources */,
				F42FE68D298CEFF000E60932 /* Interface.swift in Sources */,
				F451AD22299B793900CE9B50 /* VerticalBrowserView+Animation.swift in Sources */,
				F451AD2D299BDA4300CE9B50 /* PortraitTabController.swift in Sources */,
				F400AE04293B730E00758820 /* ViewController+KeyboardManager.swift in Sources */,
				F400ADD8293B244500758820 /* AppDelegate.swift in Sources */,
				F400ADDA293B244500758820 /* SceneDelegate.swift in Sources */,
				F45253CF2972DD7E005EC44E /* WebBrowserView+Animation.swift in Sources */,
				F451AD2E299BDA4300CE9B50 /* PortraitTabController+BookmarksCollectionViewDelegate.swift in Sources */,
				F42FE6A02992784D00E60932 /* BookmarksViewOLD.swift in Sources */,
				F42CCA4929A2178600C677D2 /* VerticalBrowserView+ToolbarAnimation.swift in Sources */,
				F428676129448596006A119E /* FilterListViewController.swift in Sources */,
				F42CCA22299BFF7900C677D2 /* BrowserViewController.swift in Sources */,
				F42CCA2E299BFF9300C677D2 /* TabViewController+CollectionViewDelegate.swift in Sources */,
				F42CCA19299BFEA200C677D2 /* LandscapeViewController.swift in Sources */,
				F42FE6F82997874000E60932 /* VerticalTabController.swift in Sources */,
				F42CCA4B29A4DECA00C677D2 /* VerticalBrowserController+TabViewControllerDelegate.swift in Sources */,
			);
			runOnlyForDeploymentPostprocessing = 0;
		};
/* End PBXSourcesBuildPhase section */

/* Begin PBXVariantGroup section */
		F400ADE2293B244A00758820 /* LaunchScreen.storyboard */ = {
			isa = PBXVariantGroup;
			children = (
				F400ADE3293B244A00758820 /* Base */,
			);
			name = LaunchScreen.storyboard;
			sourceTree = "<group>";
		};
/* End PBXVariantGroup section */

/* Begin XCBuildConfiguration section */
		F400ADE6293B244A00758820 /* Debug */ = {
			isa = XCBuildConfiguration;
			buildSettings = {
				ALWAYS_SEARCH_USER_PATHS = NO;
				CLANG_ANALYZER_NONNULL = YES;
				CLANG_ANALYZER_NUMBER_OBJECT_CONVERSION = YES_AGGRESSIVE;
				CLANG_CXX_LANGUAGE_STANDARD = "gnu++20";
				CLANG_ENABLE_MODULES = YES;
				CLANG_ENABLE_OBJC_ARC = YES;
				CLANG_ENABLE_OBJC_WEAK = YES;
				CLANG_WARN_BLOCK_CAPTURE_AUTORELEASING = YES;
				CLANG_WARN_BOOL_CONVERSION = YES;
				CLANG_WARN_COMMA = YES;
				CLANG_WARN_CONSTANT_CONVERSION = YES;
				CLANG_WARN_DEPRECATED_OBJC_IMPLEMENTATIONS = YES;
				CLANG_WARN_DIRECT_OBJC_ISA_USAGE = YES_ERROR;
				CLANG_WARN_DOCUMENTATION_COMMENTS = YES;
				CLANG_WARN_EMPTY_BODY = YES;
				CLANG_WARN_ENUM_CONVERSION = YES;
				CLANG_WARN_INFINITE_RECURSION = YES;
				CLANG_WARN_INT_CONVERSION = YES;
				CLANG_WARN_NON_LITERAL_NULL_CONVERSION = YES;
				CLANG_WARN_OBJC_IMPLICIT_RETAIN_SELF = YES;
				CLANG_WARN_OBJC_LITERAL_CONVERSION = YES;
				CLANG_WARN_OBJC_ROOT_CLASS = YES_ERROR;
				CLANG_WARN_QUOTED_INCLUDE_IN_FRAMEWORK_HEADER = YES;
				CLANG_WARN_RANGE_LOOP_ANALYSIS = YES;
				CLANG_WARN_STRICT_PROTOTYPES = YES;
				CLANG_WARN_SUSPICIOUS_MOVE = YES;
				CLANG_WARN_UNGUARDED_AVAILABILITY = YES_AGGRESSIVE;
				CLANG_WARN_UNREACHABLE_CODE = YES;
				CLANG_WARN__DUPLICATE_METHOD_MATCH = YES;
				COPY_PHASE_STRIP = NO;
				DEBUG_INFORMATION_FORMAT = dwarf;
				ENABLE_STRICT_OBJC_MSGSEND = YES;
				ENABLE_TESTABILITY = YES;
				GCC_C_LANGUAGE_STANDARD = gnu11;
				GCC_DYNAMIC_NO_PIC = NO;
				GCC_NO_COMMON_BLOCKS = YES;
				GCC_OPTIMIZATION_LEVEL = 0;
				GCC_PREPROCESSOR_DEFINITIONS = (
					"DEBUG=1",
					"$(inherited)",
				);
				GCC_WARN_64_TO_32_BIT_CONVERSION = YES;
				GCC_WARN_ABOUT_RETURN_TYPE = YES_ERROR;
				GCC_WARN_UNDECLARED_SELECTOR = YES;
				GCC_WARN_UNINITIALIZED_AUTOS = YES_AGGRESSIVE;
				GCC_WARN_UNUSED_FUNCTION = YES;
				GCC_WARN_UNUSED_VARIABLE = YES;
				IPHONEOS_DEPLOYMENT_TARGET = 13.0;
				MTL_ENABLE_DEBUG_INFO = INCLUDE_SOURCE;
				MTL_FAST_MATH = YES;
				ONLY_ACTIVE_ARCH = YES;
				SDKROOT = iphoneos;
				SWIFT_ACTIVE_COMPILATION_CONDITIONS = DEBUG;
				SWIFT_OPTIMIZATION_LEVEL = "-Onone";
			};
			name = Debug;
		};
		F400ADE7293B244A00758820 /* Release */ = {
			isa = XCBuildConfiguration;
			buildSettings = {
				ALWAYS_SEARCH_USER_PATHS = NO;
				CLANG_ANALYZER_NONNULL = YES;
				CLANG_ANALYZER_NUMBER_OBJECT_CONVERSION = YES_AGGRESSIVE;
				CLANG_CXX_LANGUAGE_STANDARD = "gnu++20";
				CLANG_ENABLE_MODULES = YES;
				CLANG_ENABLE_OBJC_ARC = YES;
				CLANG_ENABLE_OBJC_WEAK = YES;
				CLANG_WARN_BLOCK_CAPTURE_AUTORELEASING = YES;
				CLANG_WARN_BOOL_CONVERSION = YES;
				CLANG_WARN_COMMA = YES;
				CLANG_WARN_CONSTANT_CONVERSION = YES;
				CLANG_WARN_DEPRECATED_OBJC_IMPLEMENTATIONS = YES;
				CLANG_WARN_DIRECT_OBJC_ISA_USAGE = YES_ERROR;
				CLANG_WARN_DOCUMENTATION_COMMENTS = YES;
				CLANG_WARN_EMPTY_BODY = YES;
				CLANG_WARN_ENUM_CONVERSION = YES;
				CLANG_WARN_INFINITE_RECURSION = YES;
				CLANG_WARN_INT_CONVERSION = YES;
				CLANG_WARN_NON_LITERAL_NULL_CONVERSION = YES;
				CLANG_WARN_OBJC_IMPLICIT_RETAIN_SELF = YES;
				CLANG_WARN_OBJC_LITERAL_CONVERSION = YES;
				CLANG_WARN_OBJC_ROOT_CLASS = YES_ERROR;
				CLANG_WARN_QUOTED_INCLUDE_IN_FRAMEWORK_HEADER = YES;
				CLANG_WARN_RANGE_LOOP_ANALYSIS = YES;
				CLANG_WARN_STRICT_PROTOTYPES = YES;
				CLANG_WARN_SUSPICIOUS_MOVE = YES;
				CLANG_WARN_UNGUARDED_AVAILABILITY = YES_AGGRESSIVE;
				CLANG_WARN_UNREACHABLE_CODE = YES;
				CLANG_WARN__DUPLICATE_METHOD_MATCH = YES;
				COPY_PHASE_STRIP = NO;
				DEBUG_INFORMATION_FORMAT = "dwarf-with-dsym";
				ENABLE_NS_ASSERTIONS = NO;
				ENABLE_STRICT_OBJC_MSGSEND = YES;
				GCC_C_LANGUAGE_STANDARD = gnu11;
				GCC_NO_COMMON_BLOCKS = YES;
				GCC_WARN_64_TO_32_BIT_CONVERSION = YES;
				GCC_WARN_ABOUT_RETURN_TYPE = YES_ERROR;
				GCC_WARN_UNDECLARED_SELECTOR = YES;
				GCC_WARN_UNINITIALIZED_AUTOS = YES_AGGRESSIVE;
				GCC_WARN_UNUSED_FUNCTION = YES;
				GCC_WARN_UNUSED_VARIABLE = YES;
				IPHONEOS_DEPLOYMENT_TARGET = 13.0;
				MTL_ENABLE_DEBUG_INFO = NO;
				MTL_FAST_MATH = YES;
				SDKROOT = iphoneos;
				SWIFT_COMPILATION_MODE = wholemodule;
				SWIFT_OPTIMIZATION_LEVEL = "-O";
				VALIDATE_PRODUCT = YES;
			};
			name = Release;
		};
		F400ADE9293B244A00758820 /* Debug */ = {
			isa = XCBuildConfiguration;
			baseConfigurationReference = F2685B531C87AAF9E15E614A /* Pods-WebBrowser.debug.xcconfig */;
			buildSettings = {
				ASSETCATALOG_COMPILER_APPICON_NAME = AppIcon;
				ASSETCATALOG_COMPILER_GLOBAL_ACCENT_COLOR_NAME = AccentColor;
				CODE_SIGN_STYLE = Automatic;
				CURRENT_PROJECT_VERSION = 1;
				DEVELOPMENT_TEAM = 34XV2JSY5D;
				GENERATE_INFOPLIST_FILE = YES;
				INFOPLIST_FILE = WebBrowser/SupportingFiles/Info.plist;
				INFOPLIST_KEY_UIApplicationSupportsIndirectInputEvents = YES;
				INFOPLIST_KEY_UILaunchStoryboardName = LaunchScreen;
				INFOPLIST_KEY_UISupportedInterfaceOrientations_iPad = "UIInterfaceOrientationPortrait UIInterfaceOrientationPortraitUpsideDown UIInterfaceOrientationLandscapeLeft UIInterfaceOrientationLandscapeRight";
				INFOPLIST_KEY_UISupportedInterfaceOrientations_iPhone = "UIInterfaceOrientationPortrait UIInterfaceOrientationLandscapeLeft UIInterfaceOrientationLandscapeRight";
				IPHONEOS_DEPLOYMENT_TARGET = 13.0;
				LD_RUNPATH_SEARCH_PATHS = (
					"$(inherited)",
					"@executable_path/Frameworks",
				);
				MARKETING_VERSION = 1.0;
				PRODUCT_BUNDLE_IDENTIFIER = "Artem-Shcherban.WebBrowser";
				PRODUCT_NAME = "$(TARGET_NAME)";
				SUPPORTED_PLATFORMS = "iphoneos iphonesimulator";
				SUPPORTS_MACCATALYST = NO;
				SUPPORTS_MAC_DESIGNED_FOR_IPHONE_IPAD = NO;
				SWIFT_EMIT_LOC_STRINGS = YES;
				SWIFT_VERSION = 5.0;
				TARGETED_DEVICE_FAMILY = 1;
			};
			name = Debug;
		};
		F400ADEA293B244A00758820 /* Release */ = {
			isa = XCBuildConfiguration;
			baseConfigurationReference = 6812AC4BCE02E47823C81D4C /* Pods-WebBrowser.release.xcconfig */;
			buildSettings = {
				ASSETCATALOG_COMPILER_APPICON_NAME = AppIcon;
				ASSETCATALOG_COMPILER_GLOBAL_ACCENT_COLOR_NAME = AccentColor;
				CODE_SIGN_STYLE = Automatic;
				CURRENT_PROJECT_VERSION = 1;
				DEVELOPMENT_TEAM = 34XV2JSY5D;
				GENERATE_INFOPLIST_FILE = YES;
				INFOPLIST_FILE = WebBrowser/SupportingFiles/Info.plist;
				INFOPLIST_KEY_UIApplicationSupportsIndirectInputEvents = YES;
				INFOPLIST_KEY_UILaunchStoryboardName = LaunchScreen;
				INFOPLIST_KEY_UISupportedInterfaceOrientations_iPad = "UIInterfaceOrientationPortrait UIInterfaceOrientationPortraitUpsideDown UIInterfaceOrientationLandscapeLeft UIInterfaceOrientationLandscapeRight";
				INFOPLIST_KEY_UISupportedInterfaceOrientations_iPhone = "UIInterfaceOrientationPortrait UIInterfaceOrientationLandscapeLeft UIInterfaceOrientationLandscapeRight";
				IPHONEOS_DEPLOYMENT_TARGET = 13.0;
				LD_RUNPATH_SEARCH_PATHS = (
					"$(inherited)",
					"@executable_path/Frameworks",
				);
				MARKETING_VERSION = 1.0;
				PRODUCT_BUNDLE_IDENTIFIER = "Artem-Shcherban.WebBrowser";
				PRODUCT_NAME = "$(TARGET_NAME)";
				SUPPORTED_PLATFORMS = "iphoneos iphonesimulator";
				SUPPORTS_MACCATALYST = NO;
				SUPPORTS_MAC_DESIGNED_FOR_IPHONE_IPAD = NO;
				SWIFT_EMIT_LOC_STRINGS = YES;
				SWIFT_VERSION = 5.0;
				TARGETED_DEVICE_FAMILY = 1;
			};
			name = Release;
		};
/* End XCBuildConfiguration section */

/* Begin XCConfigurationList section */
		F400ADCF293B244500758820 /* Build configuration list for PBXProject "WebBrowser" */ = {
			isa = XCConfigurationList;
			buildConfigurations = (
				F400ADE6293B244A00758820 /* Debug */,
				F400ADE7293B244A00758820 /* Release */,
			);
			defaultConfigurationIsVisible = 0;
			defaultConfigurationName = Release;
		};
		F400ADE8293B244A00758820 /* Build configuration list for PBXNativeTarget "WebBrowser" */ = {
			isa = XCConfigurationList;
			buildConfigurations = (
				F400ADE9293B244A00758820 /* Debug */,
				F400ADEA293B244A00758820 /* Release */,
			);
			defaultConfigurationIsVisible = 0;
			defaultConfigurationName = Release;
		};
/* End XCConfigurationList section */

/* Begin XCVersionGroup section */
		F492EB302958628A00A06F88 /* WebBrowser.xcdatamodeld */ = {
			isa = XCVersionGroup;
			children = (
				F492EB312958628A00A06F88 /* WebBrowser.xcdatamodel */,
			);
			currentVersion = F492EB312958628A00A06F88 /* WebBrowser.xcdatamodel */;
			path = WebBrowser.xcdatamodeld;
			sourceTree = "<group>";
			versionGroupType = wrapper.xcdatamodel;
		};
/* End XCVersionGroup section */
	};
	rootObject = F400ADCC293B244500758820 /* Project object */;
}
